
Microsoft Visual Studio Solution File, Format Version 12.00
# Visual Studio Version 16
VisualStudioVersion = 16.0.29806.167
MinimumVisualStudioVersion = 10.0.40219.1
Project("{E53339B2-1760-4266-BCC7-CA923CBCF16C}") = "docker-compose", "docker-compose.dcproj", "{A7FFDBA4-7D90-44A0-AF6E-F3E30EF6C463}"
EndProject
Project("{2150E333-8FDC-42A3-9474-1A3956D46DE8}") = "Services", "Services", "{EE226F64-780E-45DD-99B4-85281869FDA5}"
EndProject
Project("{2150E333-8FDC-42A3-9474-1A3956D46DE8}") = "Identity", "Identity", "{036AB0DB-97B3-4E33-97D4-33471615FBC6}"
EndProject
Project("{2150E333-8FDC-42A3-9474-1A3956D46DE8}") = "Catalog", "Catalog", "{FB93E612-A09C-4E88-9DBC-BB84029660CC}"
EndProject
Project("{2150E333-8FDC-42A3-9474-1A3956D46DE8}") = "Tests", "Tests", "{4CBBB327-443C-4599-8762-11210377E6C3}"
EndProject
Project("{2150E333-8FDC-42A3-9474-1A3956D46DE8}") = "Tests", "Tests", "{03AFE0D1-FA77-4A19-BF77-E3754458DD17}"
EndProject
Project("{2150E333-8FDC-42A3-9474-1A3956D46DE8}") = "ApiGateWay", "ApiGateWay", "{3D261450-FAB0-408B-A627-216A1FC9221F}"
EndProject
Project("{2150E333-8FDC-42A3-9474-1A3956D46DE8}") = "ServiceBus", "ServiceBus", "{7E7D4861-9210-42D5-95C4-0D8B03C74716}"
EndProject
Project("{2150E333-8FDC-42A3-9474-1A3956D46DE8}") = "Cart", "Cart", "{1C1ABE6E-4684-43B6-8AD1-0C7714BF0CE0}"
EndProject
Project("{2150E333-8FDC-42A3-9474-1A3956D46DE8}") = "Marketing", "Marketing", "{29E147EE-5783-4B16-AF1C-3E4A78BBF274}"
EndProject
Project("{2150E333-8FDC-42A3-9474-1A3956D46DE8}") = "Order", "Order", "{177363F8-AB94-4821-8474-DFF6A20FD9FE}"
EndProject
Project("{2150E333-8FDC-42A3-9474-1A3956D46DE8}") = "Payment", "Payment", "{6F402821-3436-4CF6-9781-7B0B1FA9EB95}"
EndProject
Project("{2150E333-8FDC-42A3-9474-1A3956D46DE8}") = "Tests", "Tests", "{760AE863-922B-432E-B852-E1A64601E84B}"
EndProject
Project("{2150E333-8FDC-42A3-9474-1A3956D46DE8}") = "Tests", "Tests", "{5605C2B8-2CDE-4AE8-BEF2-6F080A3DA0D4}"
EndProject
Project("{2150E333-8FDC-42A3-9474-1A3956D46DE8}") = "Tests", "Tests", "{AB475DF8-6109-44CB-B2B0-EBD600CE6875}"
EndProject
Project("{2150E333-8FDC-42A3-9474-1A3956D46DE8}") = "Tests", "Tests", "{077592CF-9364-4EFA-953C-4D7836E4DFFD}"
EndProject
Project("{9A19103F-16F7-4668-BE54-9A1E7A4F7556}") = "EventBus.RabbitMQ", "EventBuses\EventBus.RabbitMQ\EventBus.RabbitMQ.csproj", "{C829C38F-5AD1-4C4B-A1D2-926D36FC205A}"
EndProject
Project("{9A19103F-16F7-4668-BE54-9A1E7A4F7556}") = "EventBus.AzureServiceBus", "EventBuses\EventBus.AzureServiceBus\EventBus.AzureServiceBus.csproj", "{9CB34245-54E4-4802-BDF8-65EEDD44FE73}"
EndProject
Project("{9A19103F-16F7-4668-BE54-9A1E7A4F7556}") = "EventBus.Shared", "EventBuses\EventBus.Shared\EventBus.Shared.csproj", "{A9EFFBB8-75BF-42BE-84F1-B1EAEFBBFBDB}"
EndProject
Project("{2150E333-8FDC-42A3-9474-1A3956D46DE8}") = "Mobile", "Mobile", "{994FD530-2DEC-47C1-8E30-2C5510E0E849}"
EndProject
Project("{2150E333-8FDC-42A3-9474-1A3956D46DE8}") = "Web", "Web", "{9BB09F93-389A-499A-9757-B594551FF0E4}"
EndProject
Project("{2150E333-8FDC-42A3-9474-1A3956D46DE8}") = "AzureVaultAccess", "AzureVaultAccess", "{6A24922D-615E-4C3A-B480-4B2133080C5F}"
EndProject
Project("{9A19103F-16F7-4668-BE54-9A1E7A4F7556}") = "VaultAccess.Shared", "AzureVaultAccess\VaultAccess.Shared\VaultAccess.Shared.csproj", "{5C5DDE58-3F48-489A-A651-3735DA1F19A1}"
EndProject
Project("{9A19103F-16F7-4668-BE54-9A1E7A4F7556}") = "VaultAccess.Azure", "AzureVaultAccess\VaultAccess.Azure\VaultAccess.Azure.csproj", "{87DBE819-2671-49AE-99DF-0DB0C5BA91F4}"
EndProject
Project("{9A19103F-16F7-4668-BE54-9A1E7A4F7556}") = "IntegrationEventLogEF", "EventBuses\IntegrationEventLogEF\IntegrationEventLogEF.csproj", "{76A3CF63-3240-4F72-882B-62DC8C3D9B8B}"
EndProject
Project("{9A19103F-16F7-4668-BE54-9A1E7A4F7556}") = "EventBus.Tests.RabbitMQ", "EventBuses\Tests\EventBus.Tests.RabbitMQ\EventBus.Tests.RabbitMQ.csproj", "{D305EFC0-E746-4746-A854-4FEF1730CC44}"
EndProject
Project("{2150E333-8FDC-42A3-9474-1A3956D46DE8}") = "Tests", "Tests", "{A21B867B-C1AC-4BB7-8921-F7AB7BE72DA9}"
EndProject
Project("{9A19103F-16F7-4668-BE54-9A1E7A4F7556}") = "EventBuses.Tests.AzureServiceBus", "EventBuses\Tests\EventBuses.Tests.AzureServiceBus\EventBuses.Tests.AzureServiceBus.csproj", "{863F1E9E-26E6-4EB9-A9E8-38FA6378A949}"
EndProject
Project("{9A19103F-16F7-4668-BE54-9A1E7A4F7556}") = "OrderService.Domain", "Services\Orders\OrderService.Domain\OrderService.Domain.csproj", "{9FE31612-47B8-43FC-857B-1B9D7FA282F9}"
EndProject
Project("{9A19103F-16F7-4668-BE54-9A1E7A4F7556}") = "OrderService.BackgroundTasks", "Services\Orders\OrderService.BackgroundTasks\OrderService.BackgroundTasks.csproj", "{1CF4E8A7-A0B5-4342-99A4-9BB52FA92E29}"
EndProject
Project("{9A19103F-16F7-4668-BE54-9A1E7A4F7556}") = "OrderService.Infrastructare", "Services\Orders\OrderService.Infrastructare\OrderService.Infrastructare.csproj", "{62A0B762-0422-4E38-8A86-56ABB45362A2}"
EndProject
Project("{2150E333-8FDC-42A3-9474-1A3956D46DE8}") = "WebApps", "WebApps", "{03EA1928-B44D-4E37-8E8A-9FC42A3B4ACF}"
EndProject
Project("{9A19103F-16F7-4668-BE54-9A1E7A4F7556}") = "WebMVC", "WebApps\WebMVC\WebMVC.csproj", "{11709C08-A4E7-4D22-85BC-E8557E0E2059}"
EndProject
Project("{9A19103F-16F7-4668-BE54-9A1E7A4F7556}") = "WebSPA", "WebApps\WebSPA\WebSPA.csproj", "{3D28CA08-677A-42C0-969B-B97D6DE65D20}"
EndProject
Project("{9A19103F-16F7-4668-BE54-9A1E7A4F7556}") = "Web.Gtw", "ApiGateWays\Web\Web.Gtw\Web.Gtw.csproj", "{7253A334-8051-4D55-8B72-3D9B214C27FC}"
EndProject
Project("{2150E333-8FDC-42A3-9474-1A3956D46DE8}") = "LoadBalancer", "LoadBalancer", "{A9CFCB3D-E166-415F-A158-D57E2B20E128}"
EndProject
Project("{9A19103F-16F7-4668-BE54-9A1E7A4F7556}") = "ApiGtw.LoadBalancer", "ApiGateWays\LoadBalancer\ApiGtw.LoadBalancer\ApiGtw.LoadBalancer.csproj", "{48170753-3527-4B1C-839D-CEF8DE672D75}"
EndProject
Project("{2150E333-8FDC-42A3-9474-1A3956D46DE8}") = "Extensions", "Extensions", "{C8E6E931-E90C-4CE5-AA76-5552D5748431}"
EndProject
Project("{2150E333-8FDC-42A3-9474-1A3956D46DE8}") = "Review", "Review", "{5D9B52D4-E568-41DA-8248-3F753D9C6630}"
EndProject
Project("{2150E333-8FDC-42A3-9474-1A3956D46DE8}") = "SystemRequirements", "SystemRequirements", "{515F41E7-086F-48B5-A65E-9F88087C7A12}"
EndProject
Project("{2150E333-8FDC-42A3-9474-1A3956D46DE8}") = "Recommendations", "Recommendations", "{66EEAB2E-F9CA-480B-964C-C5D1BC88CB07}"
EndProject
Project("{2150E333-8FDC-42A3-9474-1A3956D46DE8}") = "CloudGamingSupport", "CloudGamingSupport", "{E7044259-3A6F-4763-9B3D-F6BC19C3845F}"
EndProject
Project("{2150E333-8FDC-42A3-9474-1A3956D46DE8}") = "Tests", "Tests", "{72BFEA77-6028-4AF3-BEC4-926E857A972A}"
EndProject
Project("{2150E333-8FDC-42A3-9474-1A3956D46DE8}") = "BackgroundTask", "BackgroundTask", "{E9F3E713-695E-4FC5-AAD9-4AF9503258CD}"
EndProject
Project("{9A19103F-16F7-4668-BE54-9A1E7A4F7556}") = "CloudGamingSupport.API", "Services\CloudGamingSupport\CloudGamingSupport.API\CloudGamingSupport.API.csproj", "{CA1B69A3-DEF8-48FF-A583-64BCE449456F}"
EndProject
Project("{9A19103F-16F7-4668-BE54-9A1E7A4F7556}") = "CloudGamingSupport.BackgroundTask.Tests", "Services\CloudGamingSupport\Tests\CloudGamingSupport.BackgroundTask.Tests\CloudGamingSupport.BackgroundTask.Tests.csproj", "{A2B4DC82-7185-4D32-B7F9-967BE02009CC}"
EndProject
Project("{2150E333-8FDC-42A3-9474-1A3956D46DE8}") = "Tests", "Tests", "{9ECE97AB-6E17-4CD3-A0F1-B3FFFE177490}"
EndProject
Project("{2150E333-8FDC-42A3-9474-1A3956D46DE8}") = "Tests", "Tests", "{DB89189C-A599-4211-BEF0-178F10505F83}"
EndProject
Project("{2150E333-8FDC-42A3-9474-1A3956D46DE8}") = "Tests", "Tests", "{1ACF3B74-7F9B-4A52-A197-1D247614C67C}"
EndProject
Project("{9A19103F-16F7-4668-BE54-9A1E7A4F7556}") = "Recommendations.API", "Services\Recommendations\Recommendations.API\Recommendations.API.csproj", "{CDF9A4DC-A1C4-4189-9F80-DCC563987A8D}"
EndProject
Project("{9A19103F-16F7-4668-BE54-9A1E7A4F7556}") = "SystemRequirement.Tests", "Services\SystemRequirement\Tests\SystemRequirement.Tests\SystemRequirement.Tests.csproj", "{2C7FB923-DF67-4E06-BAA9-6222E4C076FF}"
EndProject
Project("{9A19103F-16F7-4668-BE54-9A1E7A4F7556}") = "SystemRequirement.API", "Services\SystemRequirement\SystemRequirement.API\SystemRequirement.API.csproj", "{F7FCCE2C-2ED1-4FE6-B58C-F52AD9954B73}"
EndProject
Project("{9A19103F-16F7-4668-BE54-9A1E7A4F7556}") = "Recommendations.Tests", "Services\Recommendations\Tests\Recommendations.Tests\Recommendations.Tests.csproj", "{02A208C5-9DC6-4F75-A7DB-C59537AADA9B}"
EndProject
Project("{9A19103F-16F7-4668-BE54-9A1E7A4F7556}") = "Reviews.Tests", "Services\Review\Tests\Reviews.Tests\Reviews.Tests.csproj", "{CFD2ECC1-E015-412C-BE1E-7D3CA4BB9750}"
EndProject
Project("{9A19103F-16F7-4668-BE54-9A1E7A4F7556}") = "CloudGamingSupport.API.Tests", "Services\CloudGamingSupport\Tests\CloudGamingSupport.API.Tests\CloudGamingSupport.API.Tests.csproj", "{DA409951-545C-41D3-AD72-1FEA3FB2A51A}"
EndProject
Project("{9A19103F-16F7-4668-BE54-9A1E7A4F7556}") = "Review.API", "Services\Review\Review.API\Review.API.csproj", "{697DAFCC-5A0C-465F-9874-61305194A990}"
EndProject
Project("{2150E333-8FDC-42A3-9474-1A3956D46DE8}") = "Categories", "Categories", "{74258424-1851-47D8-B007-C1B0FB22B855}"
EndProject
Project("{2150E333-8FDC-42A3-9474-1A3956D46DE8}") = "Tests", "Tests", "{7C9E6AFB-E4EB-46D7-9F30-C158A6D90710}"
EndProject
Project("{9A19103F-16F7-4668-BE54-9A1E7A4F7556}") = "Categories.Tests", "Services\Categories\Tests\Categories.Tests\Categories.Tests.csproj", "{34E145EF-DB02-4C9D-96DD-3F8CF3F527CC}"
EndProject
Project("{9A19103F-16F7-4668-BE54-9A1E7A4F7556}") = "Categories.API", "Services\Categories\Categories.API\Categories.API.csproj", "{D395F473-7E84-4200-A429-B410476A0738}"
EndProject
Project("{2150E333-8FDC-42A3-9474-1A3956D46DE8}") = "Tests", "Tests", "{323B2B51-C0F6-44F5-9CD0-DE84182CBEC9}"
EndProject
Project("{9A19103F-16F7-4668-BE54-9A1E7A4F7556}") = "Web.Gtw.Tests", "ApiGateWays\Web\Tests\Web.Gtw.Tests\Web.Gtw.Tests.csproj", "{A01AB16A-1BFA-4A76-9DC5-2A661ADFC632}"
EndProject
Project("{2150E333-8FDC-42A3-9474-1A3956D46DE8}") = "Shared", "Shared", "{F1275039-183C-4A23-9137-F2176F757B61}"
EndProject
Project("{9A19103F-16F7-4668-BE54-9A1E7A4F7556}") = "HttpClientHandler", "Shared\Extensions\HttpClientHandler\HttpClientHandler.csproj", "{B4A0668A-0775-4AE3-95DC-B1672AEA667D}"
EndProject
Project("{9A19103F-16F7-4668-BE54-9A1E7A4F7556}") = "Pagination", "Shared\Extensions\Pagination\Pagination.csproj", "{BD50D143-5184-4FC1-8428-5F588EB710C3}"
EndProject
Project("{9A19103F-16F7-4668-BE54-9A1E7A4F7556}") = "UnitOfWork", "Shared\Extensions\UnitOfWork\UnitOfWork.csproj", "{EBFCC9E7-1FD2-49F8-A080-CA8500B2408F}"
EndProject
Project("{2150E333-8FDC-42A3-9474-1A3956D46DE8}") = "BackgroundTasks", "BackgroundTasks", "{3B4EBA3E-4D0A-45FC-87BD-A54A64C60E9A}"
EndProject
Project("{9A19103F-16F7-4668-BE54-9A1E7A4F7556}") = "CloudGamingSupport.BackgroundTask.Updater", "Services\CloudGamingSupport\BackgroundTask\CloudGamingSupport.BackgroundTask.Updater\CloudGamingSupport.BackgroundTask.Updater.csproj", "{43826290-9248-4FE5-B86D-31D71456EE36}"
EndProject
Project("{9A19103F-16F7-4668-BE54-9A1E7A4F7556}") = "MarketingService.BackgroundTasks.EMail.Senders", "Services\Marketing\BackgroundTasks\MarketingService.BackgroundTasks.EMail.Senders\MarketingService.BackgroundTasks.EMail.Senders.csproj", "{887A2C4B-B5E8-483B-A607-A904BCB32987}"
EndProject
Project("{2150E333-8FDC-42A3-9474-1A3956D46DE8}") = "Location", "Location", "{AEFDD60C-A3AB-4171-96B4-19DCEAA87018}"
EndProject
Project("{9A19103F-16F7-4668-BE54-9A1E7A4F7556}") = "LocationService.API", "Services\Location\LocationService.API\LocationService.API.csproj", "{981855D4-E0E1-4A85-AA7D-671BE395C2F7}"
EndProject
Project("{2150E333-8FDC-42A3-9474-1A3956D46DE8}") = "Tests", "Tests", "{797B569D-DBBA-4132-AFD7-891626E303A2}"
EndProject
Project("{9A19103F-16F7-4668-BE54-9A1E7A4F7556}") = "EventBus.MockedTest", "EventBuses\EventBus.MockedTest\EventBus.MockedTest.csproj", "{87C11725-965E-40A3-A7AE-7321D4250486}"
EndProject
Project("{2150E333-8FDC-42A3-9474-1A3956D46DE8}") = "Search", "Search", "{9EB020EC-5C80-40AB-ADF3-F46D8B4C1934}"
EndProject
Project("{2150E333-8FDC-42A3-9474-1A3956D46DE8}") = "CatalogImages", "CatalogImages", "{C2578347-020A-43EE-8780-5BD177C3ABCC}"
EndProject
Project("{9A19103F-16F7-4668-BE54-9A1E7A4F7556}") = "SearchService.API", "Services\Search\SearchService.API\SearchService.API.csproj", "{3633848C-B49C-4FF3-A33A-9C701645647F}"
EndProject
Project("{2150E333-8FDC-42A3-9474-1A3956D46DE8}") = "Tests", "Tests", "{D72AE215-CA21-454E-83F1-CF5E2C143A34}"
EndProject
Project("{2150E333-8FDC-42A3-9474-1A3956D46DE8}") = "Tests", "Tests", "{9DFA0E0D-E486-445F-8836-7AB4832B979D}"
EndProject
Project("{9A19103F-16F7-4668-BE54-9A1E7A4F7556}") = "CatalogImages.API", "Services\CatalogImages\CatalogImages.API\CatalogImages.API.csproj", "{9DD6CFA8-B0E0-4076-8C81-5BD0C66206FC}"
EndProject
Project("{2150E333-8FDC-42A3-9474-1A3956D46DE8}") = "CouponCode", "CouponCode", "{A3199436-1254-4FFF-A0FF-6ACD63B85499}"
EndProject
Project("{2150E333-8FDC-42A3-9474-1A3956D46DE8}") = "Tests", "Tests", "{E47226F8-4F63-4D44-AEAD-5FD79ACA8838}"
EndProject
Project("{9A19103F-16F7-4668-BE54-9A1E7A4F7556}") = "CouponCode.Tests", "Services\CouponCode\Tests\CouponCode.Tests\CouponCode.Tests.csproj", "{4BBAE2FB-2A5F-469B-BD92-53B9034178A9}"
EndProject
Project("{9A19103F-16F7-4668-BE54-9A1E7A4F7556}") = "CouponCode.API", "Services\CouponCode\CouponCode.API\CouponCode.API.csproj", "{3F1C447C-DC57-4F19-A16A-B09366A41B43}"
EndProject
Project("{2150E333-8FDC-42A3-9474-1A3956D46DE8}") = "Utilities", "Utilities", "{A6E5C725-A2C0-4014-891A-4AF901640FB9}"
EndProject
Project("{9A19103F-16F7-4668-BE54-9A1E7A4F7556}") = "EmailSender.Shared", "Shared\Utilities\EmailSender\EmailSender.Shared\EmailSender.Shared.csproj", "{A945A8FA-41B0-430F-BF2D-EB03AAF4FF05}"
EndProject
Project("{9A19103F-16F7-4668-BE54-9A1E7A4F7556}") = "EmailSender.Core", "Shared\Utilities\EmailSender\EmailSender.Core\EmailSender.Core.csproj", "{72C8F3D9-7181-41B3-A769-45EB5222E535}"
EndProject
Project("{9A19103F-16F7-4668-BE54-9A1E7A4F7556}") = "EmailSender.SendGrid", "Shared\Utilities\EmailSender\EmailSender.SendGrid\EmailSender.SendGrid.csproj", "{DBF32CB5-0909-415A-A54F-FAB6166AAB59}"
EndProject
Project("{2150E333-8FDC-42A3-9474-1A3956D46DE8}") = "EmailSender", "EmailSender", "{2269B004-B663-4379-B2D0-62B0B1EACE10}"
EndProject
Project("{2150E333-8FDC-42A3-9474-1A3956D46DE8}") = "Tests", "Tests", "{821F2136-7D54-4F91-9BBB-3BE9858DB4F4}"
EndProject
Project("{2150E333-8FDC-42A3-9474-1A3956D46DE8}") = "FunctionTests", "FunctionTests", "{C81A0103-252A-4DA9-B04E-D0AA169EBD95}"
EndProject
Project("{2150E333-8FDC-42A3-9474-1A3956D46DE8}") = "UnitTests", "UnitTests", "{9203C08C-89A7-4CA1-AD76-6498F3230783}"
EndProject
Project("{9A19103F-16F7-4668-BE54-9A1E7A4F7556}") = "EmailSender.Core.Tests", "Shared\Utilities\EmailSender\Tests\UnitTests\EmailSender.Core.Tests\EmailSender.Core.Tests.csproj", "{67B0B21F-6098-4044-8812-84183D71B551}"
EndProject
Project("{9A19103F-16F7-4668-BE54-9A1E7A4F7556}") = "EmailSender.SendGrid.Tests", "Shared\Utilities\EmailSender\Tests\UnitTests\EmailSender.SendGrid.Tests\EmailSender.SendGrid.Tests.csproj", "{3061E0A7-9064-43B3-8867-A9B3D87914E0}"
EndProject
Project("{9A19103F-16F7-4668-BE54-9A1E7A4F7556}") = "EmailSender.FunctionalTests", "Shared\Utilities\EmailSender\Tests\FunctionalTests\EmailSender.FunctionalTests\EmailSender.FunctionalTests.csproj", "{F481F0C5-D268-4874-8116-2794CA3CDEF7}"
EndProject
Project("{9A19103F-16F7-4668-BE54-9A1E7A4F7556}") = "CatalogImages.Tests", "Services\CatalogImages\Tests\CatalogImages.Tests\CatalogImages.Tests.csproj", "{B4863833-789F-4FAF-9AF7-164FFA247409}"
EndProject
Project("{2150E333-8FDC-42A3-9474-1A3956D46DE8}") = "BackgroundTasks", "BackgroundTasks", "{C023F7E5-BA7E-41D6-9062-E9BFBAE75BE0}"
EndProject
Project("{9A19103F-16F7-4668-BE54-9A1E7A4F7556}") = "CatalogService.BackgroundTasks.Updater", "Services\Catalog\BackgroundTasks\CatalogService.BackgroundTasks.Updater\CatalogService.BackgroundTasks.Updater.csproj", "{E90B159C-1138-43B7-8A9E-100FCEC3EE35}"
EndProject
Project("{2150E333-8FDC-42A3-9474-1A3956D46DE8}") = "CloudStorage", "CloudStorage", "{B9FC20AC-3E85-4143-95E0-A68F12F33EEE}"
EndProject
Project("{2150E333-8FDC-42A3-9474-1A3956D46DE8}") = "Tests", "Tests", "{2CABD973-1566-4485-A5D6-D2B7CD303700}"
EndProject
Project("{9A19103F-16F7-4668-BE54-9A1E7A4F7556}") = "CloudStorage.Shared", "Shared\Utilities\CloudStorage\CloudStorage.Shared\CloudStorage.Shared.csproj", "{96821730-F0F5-4F91-8DA4-0EC1022309CB}"
EndProject
Project("{9A19103F-16F7-4668-BE54-9A1E7A4F7556}") = "CloudStorage.AzureBlob", "Shared\Utilities\CloudStorage\CloudStorage.AzureBlob\CloudStorage.AzureBlob.csproj", "{9FCACA94-A41C-4D49-8F65-EB9FF8F74DB6}"
EndProject
Project("{2150E333-8FDC-42A3-9474-1A3956D46DE8}") = "BackgroundTasks", "BackgroundTasks", "{E1469C51-34C2-4E14-965C-5DF9AB828505}"
EndProject
Project("{9A19103F-16F7-4668-BE54-9A1E7A4F7556}") = "SearchService.BackgroundTasks.SearchDataUpdater", "Services\Search\BackgroundTasks\SearchService.BackgroundTasks.SearchDataUpdater\SearchService.BackgroundTasks.SearchDataUpdater.csproj", "{1BE4C987-3BE6-44C9-A029-E62415732683}"
EndProject
Project("{2150E333-8FDC-42A3-9474-1A3956D46DE8}") = "Billing", "Billing", "{35F79A90-BF2B-47ED-9E16-4D0C9108807B}"
EndProject
Project("{9A19103F-16F7-4668-BE54-9A1E7A4F7556}") = "Billing.API", "Services\Billing\Billing.API\Billing.API.csproj", "{21B3E3FB-D80A-491B-B2E0-DFD8C3211A4A}"
EndProject
Project("{2150E333-8FDC-42A3-9474-1A3956D46DE8}") = "Billing", "Billing", "{F0531E23-3164-4BC5-9EF5-BD61530D40B2}"
EndProject
Project("{9A19103F-16F7-4668-BE54-9A1E7A4F7556}") = "Billing.Shared", "Shared\Utilities\Billing\Billing.Shared\Billing.Shared.csproj", "{1F6EA420-0E5D-4B1F-BD1D-C27806EB9552}"
EndProject
Project("{9A19103F-16F7-4668-BE54-9A1E7A4F7556}") = "Billing.Billingo", "Shared\Utilities\Billing\Billing.Billingo\Billing.Billingo.csproj", "{643158F1-5ED2-4BD2-B8A3-0E9FA217A86E}"
EndProject
Project("{2150E333-8FDC-42A3-9474-1A3956D46DE8}") = "Tests", "Tests", "{79704F6F-80F2-43DC-ADE5-A8C00CC7BDA8}"
EndProject
Project("{2150E333-8FDC-42A3-9474-1A3956D46DE8}") = "ImageExtensions", "ImageExtensions", "{3F6E0DEF-161D-476F-ABA9-D100B90F4828}"
EndProject
Project("{2150E333-8FDC-42A3-9474-1A3956D46DE8}") = "Validator", "Validator", "{ED237029-7574-4C6B-852B-BB6D6B109EC9}"
EndProject
Project("{2150E333-8FDC-42A3-9474-1A3956D46DE8}") = "Tests", "Tests", "{CC6D05A1-E0CF-413A-B23D-BC9763B0DC54}"
EndProject
Project("{2150E333-8FDC-42A3-9474-1A3956D46DE8}") = "Converter", "Converter", "{CC03A8B3-A561-4FB7-8A3E-A354785330E1}"
EndProject
Project("{2150E333-8FDC-42A3-9474-1A3956D46DE8}") = "Tests", "Tests", "{F9D03B72-2C9B-46A2-9939-64DD586E80A5}"
EndProject
Project("{2150E333-8FDC-42A3-9474-1A3956D46DE8}") = "Scaler", "Scaler", "{AD4C1A96-62C0-41DD-B914-353939F5D220}"
EndProject
Project("{9A19103F-16F7-4668-BE54-9A1E7A4F7556}") = "ImageConverter", "Shared\Extensions\ImageExtensions\Converter\ImageConverter\ImageConverter.csproj", "{10D640B7-7ED2-4679-8AEA-2D13AC63CEF7}"
EndProject
Project("{9A19103F-16F7-4668-BE54-9A1E7A4F7556}") = "ImageScaler", "Shared\Extensions\ImageExtensions\Scaler\ImageScaler\ImageScaler.csproj", "{BF85B20E-B375-41F7-BA33-C01347E92759}"
EndProject
Project("{9A19103F-16F7-4668-BE54-9A1E7A4F7556}") = "ImageValidator.Shared", "Shared\Extensions\ImageExtensions\Validator\ImageValidator.Shared\ImageValidator.Shared.csproj", "{C51AAFCB-4207-45F0-A9B2-B92D67C8A319}"
EndProject
Project("{9A19103F-16F7-4668-BE54-9A1E7A4F7556}") = "ImageValidator.Settings", "Shared\Extensions\ImageExtensions\Validator\ImageValidator.Settings\ImageValidator.Settings.csproj", "{12ADD232-2ABB-4E4E-A704-AE37C55433EA}"
EndProject
Project("{9A19103F-16F7-4668-BE54-9A1E7A4F7556}") = "CartService.Tests", "Services\Cart\Tests\CartService.Tests\CartService.Tests.csproj", "{3CEF89EC-F4F1-4CEC-826D-E81E17ECBDAA}"
EndProject
Project("{9A19103F-16F7-4668-BE54-9A1E7A4F7556}") = "CartService.API", "Services\Cart\CartService.API\CartService.API.csproj", "{19EEDBB4-3C74-4451-8CAC-D572F4CD325D}"
EndProject
Project("{9A19103F-16F7-4668-BE54-9A1E7A4F7556}") = "CatalogService.Tests", "Services\Catalog\Tests\CatalogService.Tests\CatalogService.Tests.csproj", "{640A649F-3BC5-46C2-BC23-BBD4BF5AC92B}"
EndProject
Project("{9A19103F-16F7-4668-BE54-9A1E7A4F7556}") = "CatalogService.API", "Services\Catalog\CatalogService.API\CatalogService.API.csproj", "{5C37056B-DDC3-4DD5-9161-C09C4B652C47}"
EndProject
Project("{9A19103F-16F7-4668-BE54-9A1E7A4F7556}") = "IdentityService.Tests", "Services\Identity\Tests\IdentityService.Tests\IdentityService.Tests.csproj", "{F28999D1-0DF7-47A5-849B-BA7B6DBEC8FA}"
EndProject
Project("{9A19103F-16F7-4668-BE54-9A1E7A4F7556}") = "IdentityService.API", "Services\Identity\IdentityService.API\IdentityService.API.csproj", "{A847031A-2478-444D-B3FA-51E48A06F71F}"
EndProject
Project("{9A19103F-16F7-4668-BE54-9A1E7A4F7556}") = "MarketingService.Tests", "Services\Marketing\Tests\MarketingService.Tests\MarketingService.Tests.csproj", "{92D14E49-9FF3-4128-A8A2-B0FD11590FE4}"
EndProject
Project("{9A19103F-16F7-4668-BE54-9A1E7A4F7556}") = "MarketingService.API", "Services\Marketing\MarketingService.API\MarketingService.API.csproj", "{55EAAAAD-A551-4CE3-8594-A8DAD1A4B85F}"
EndProject
Project("{9A19103F-16F7-4668-BE54-9A1E7A4F7556}") = "OrderService.Tests", "Services\Orders\Tests\OrderService.Tests\OrderService.Tests.csproj", "{E2439E97-0ED3-4BE5-8F07-D2D14340BB7D}"
EndProject
Project("{9A19103F-16F7-4668-BE54-9A1E7A4F7556}") = "OrderService.API", "Services\Orders\OrderService.API\OrderService.API.csproj", "{F5F52F81-9D48-4E61-B8A6-50A8571E0110}"
EndProject
Project("{9A19103F-16F7-4668-BE54-9A1E7A4F7556}") = "PaymentService.Tests", "Services\Payment\Tests\PaymentService.Tests\PaymentService.Tests.csproj", "{29C71EB9-4D9D-4829-9D72-64746F7D1B7C}"
EndProject
Project("{9A19103F-16F7-4668-BE54-9A1E7A4F7556}") = "PaymentService.API", "Services\Payment\PaymentService.API\PaymentService.API.csproj", "{0F210303-C9EA-411E-80D0-D994CA931DD4}"
EndProject
Project("{9A19103F-16F7-4668-BE54-9A1E7A4F7556}") = "Billing.Tests", "Services\Billing\Tests\Billing.Tests\Billing.Tests.csproj", "{F1225FDB-36BB-4998-A324-28376F0B8E9C}"
EndProject
Project("{2150E333-8FDC-42A3-9474-1A3956D46DE8}") = "Addresses", "Addresses", "{AE6ADD17-8B59-486E-AC95-D83A43394FA3}"
EndProject
Project("{2150E333-8FDC-42A3-9474-1A3956D46DE8}") = "Tests", "Tests", "{2D02314F-733C-4403-8E87-45F9ED6EFE7D}"
EndProject
Project("{2150E333-8FDC-42A3-9474-1A3956D46DE8}") = "Anyalitics", "Anyalitics", "{F00E5EBC-65FC-43F3-A577-7FDA55EBA0C9}"
EndProject
Project("{2150E333-8FDC-42A3-9474-1A3956D46DE8}") = "SaleAnalitycs", "SaleAnalitycs", "{589549BD-A6D3-49DE-ACCD-688EB3B4A846}"
EndProject
Project("{2150E333-8FDC-42A3-9474-1A3956D46DE8}") = "UserAnalitycs", "UserAnalitycs", "{A4F3CAB1-D282-4F20-B8A2-3EE02FC0865C}"
EndProject
Project("{2150E333-8FDC-42A3-9474-1A3956D46DE8}") = "MarketingAnalitycs", "MarketingAnalitycs", "{43D13EBB-591E-4759-B8A3-398D4FC58ACB}"
EndProject
Project("{2150E333-8FDC-42A3-9474-1A3956D46DE8}") = "Tests", "Tests", "{ED0E60A4-EA15-4DEF-ACEF-77C9EFCD6572}"
EndProject
Project("{2150E333-8FDC-42A3-9474-1A3956D46DE8}") = "Tests", "Tests", "{44AAE7C5-4F4A-416B-9AC9-D59401F41766}"
EndProject
Project("{2150E333-8FDC-42A3-9474-1A3956D46DE8}") = "Tests", "Tests", "{0514A94D-12C2-43EF-92C4-70264E796236}"
EndProject
Project("{2150E333-8FDC-42A3-9474-1A3956D46DE8}") = "SettingsExtensions", "SettingsExtensions", "{A1B70A79-5852-4289-B5AB-646FB035076C}"
EndProject
Project("{9A19103F-16F7-4668-BE54-9A1E7A4F7556}") = "SettingsLoader", "Shared\Extensions\SettingsExtensions\SettingsLoader\SettingsLoader.csproj", "{D1EA1C21-0026-4B3F-BD75-1CB685E6DF10}"
EndProject
Project("{FAE04EC0-301F-11D3-BF4B-00C04F79EFBC}") = "Shared.Extensions", "Shared\Extensions\Shared.Extensions\Shared.Extensions.csproj", "{02D05F24-8FAA-46E7-984A-21F42CBC61B6}"
EndProject
Project("{2150E333-8FDC-42A3-9474-1A3956D46DE8}") = "Tests", "Tests", "{08512186-325B-4887-B680-879188193CE7}"
EndProject
Project("{2150E333-8FDC-42A3-9474-1A3956D46DE8}") = "Unit", "Unit", "{6838B820-47FD-4FCD-8641-5556386C5CC1}"
EndProject
Project("{2150E333-8FDC-42A3-9474-1A3956D46DE8}") = "Integration", "Integration", "{726AFECC-3962-4D83-A5D6-623EA31ED09A}"
EndProject
Project("{2150E333-8FDC-42A3-9474-1A3956D46DE8}") = "Infrastructure", "Infrastructure", "{0B5586B1-D711-410F-A45C-091724FB258A}"
EndProject
Project("{FAE04EC0-301F-11D3-BF4B-00C04F79EFBC}") = "Services.Shared.Models", "Services\Infrastructure\Services.Shared\Services.Shared.Models.csproj", "{AC72767B-81F9-490D-B9F0-296C74A0DADD}"
EndProject
Project("{2150E333-8FDC-42A3-9474-1A3956D46DE8}") = "Partners", "Partners", "{B22BD26A-A12A-4A04-B490-5EB449F16D20}"
EndProject
Project("{2150E333-8FDC-42A3-9474-1A3956D46DE8}") = "Tests", "Tests", "{66E64255-239D-4052-A6AB-B15C6AE0629A}"
EndProject
Project("{FAE04EC0-301F-11D3-BF4B-00C04F79EFBC}") = "Partners.API", "Services\Partners\Partners.API\Partners.API.csproj", "{15B65969-9F08-47C9-9E66-591CFF9C97E4}"
EndProject
Project("{FAE04EC0-301F-11D3-BF4B-00C04F79EFBC}") = "Partners.Tests", "Services\Partners\Tests\Partners.Tests\Partners.Tests.csproj", "{BAD4AC22-BC94-4FA7-8596-36A5E2AE697A}"
EndProject
Global
	GlobalSection(SolutionConfigurationPlatforms) = preSolution
		Debug|Any CPU = Debug|Any CPU
		Release|Any CPU = Release|Any CPU
	EndGlobalSection
	GlobalSection(ProjectConfigurationPlatforms) = postSolution
		{A7FFDBA4-7D90-44A0-AF6E-F3E30EF6C463}.Debug|Any CPU.ActiveCfg = Debug|Any CPU
		{A7FFDBA4-7D90-44A0-AF6E-F3E30EF6C463}.Debug|Any CPU.Build.0 = Debug|Any CPU
		{A7FFDBA4-7D90-44A0-AF6E-F3E30EF6C463}.Release|Any CPU.ActiveCfg = Release|Any CPU
		{A7FFDBA4-7D90-44A0-AF6E-F3E30EF6C463}.Release|Any CPU.Build.0 = Release|Any CPU
		{C829C38F-5AD1-4C4B-A1D2-926D36FC205A}.Debug|Any CPU.ActiveCfg = Debug|Any CPU
		{C829C38F-5AD1-4C4B-A1D2-926D36FC205A}.Debug|Any CPU.Build.0 = Debug|Any CPU
		{C829C38F-5AD1-4C4B-A1D2-926D36FC205A}.Release|Any CPU.ActiveCfg = Release|Any CPU
		{C829C38F-5AD1-4C4B-A1D2-926D36FC205A}.Release|Any CPU.Build.0 = Release|Any CPU
		{9CB34245-54E4-4802-BDF8-65EEDD44FE73}.Debug|Any CPU.ActiveCfg = Debug|Any CPU
		{9CB34245-54E4-4802-BDF8-65EEDD44FE73}.Debug|Any CPU.Build.0 = Debug|Any CPU
		{9CB34245-54E4-4802-BDF8-65EEDD44FE73}.Release|Any CPU.ActiveCfg = Release|Any CPU
		{9CB34245-54E4-4802-BDF8-65EEDD44FE73}.Release|Any CPU.Build.0 = Release|Any CPU
		{A9EFFBB8-75BF-42BE-84F1-B1EAEFBBFBDB}.Debug|Any CPU.ActiveCfg = Debug|Any CPU
		{A9EFFBB8-75BF-42BE-84F1-B1EAEFBBFBDB}.Debug|Any CPU.Build.0 = Debug|Any CPU
		{A9EFFBB8-75BF-42BE-84F1-B1EAEFBBFBDB}.Release|Any CPU.ActiveCfg = Release|Any CPU
		{A9EFFBB8-75BF-42BE-84F1-B1EAEFBBFBDB}.Release|Any CPU.Build.0 = Release|Any CPU
		{5C5DDE58-3F48-489A-A651-3735DA1F19A1}.Debug|Any CPU.ActiveCfg = Debug|Any CPU
		{5C5DDE58-3F48-489A-A651-3735DA1F19A1}.Debug|Any CPU.Build.0 = Debug|Any CPU
		{5C5DDE58-3F48-489A-A651-3735DA1F19A1}.Release|Any CPU.ActiveCfg = Release|Any CPU
		{5C5DDE58-3F48-489A-A651-3735DA1F19A1}.Release|Any CPU.Build.0 = Release|Any CPU
		{87DBE819-2671-49AE-99DF-0DB0C5BA91F4}.Debug|Any CPU.ActiveCfg = Debug|Any CPU
		{87DBE819-2671-49AE-99DF-0DB0C5BA91F4}.Debug|Any CPU.Build.0 = Debug|Any CPU
		{87DBE819-2671-49AE-99DF-0DB0C5BA91F4}.Release|Any CPU.ActiveCfg = Release|Any CPU
		{87DBE819-2671-49AE-99DF-0DB0C5BA91F4}.Release|Any CPU.Build.0 = Release|Any CPU
		{76A3CF63-3240-4F72-882B-62DC8C3D9B8B}.Debug|Any CPU.ActiveCfg = Debug|Any CPU
		{76A3CF63-3240-4F72-882B-62DC8C3D9B8B}.Debug|Any CPU.Build.0 = Debug|Any CPU
		{76A3CF63-3240-4F72-882B-62DC8C3D9B8B}.Release|Any CPU.ActiveCfg = Release|Any CPU
		{76A3CF63-3240-4F72-882B-62DC8C3D9B8B}.Release|Any CPU.Build.0 = Release|Any CPU
		{D305EFC0-E746-4746-A854-4FEF1730CC44}.Debug|Any CPU.ActiveCfg = Debug|Any CPU
		{D305EFC0-E746-4746-A854-4FEF1730CC44}.Debug|Any CPU.Build.0 = Debug|Any CPU
		{D305EFC0-E746-4746-A854-4FEF1730CC44}.Release|Any CPU.ActiveCfg = Release|Any CPU
		{D305EFC0-E746-4746-A854-4FEF1730CC44}.Release|Any CPU.Build.0 = Release|Any CPU
		{863F1E9E-26E6-4EB9-A9E8-38FA6378A949}.Debug|Any CPU.ActiveCfg = Debug|Any CPU
		{863F1E9E-26E6-4EB9-A9E8-38FA6378A949}.Debug|Any CPU.Build.0 = Debug|Any CPU
		{863F1E9E-26E6-4EB9-A9E8-38FA6378A949}.Release|Any CPU.ActiveCfg = Release|Any CPU
		{863F1E9E-26E6-4EB9-A9E8-38FA6378A949}.Release|Any CPU.Build.0 = Release|Any CPU
		{9FE31612-47B8-43FC-857B-1B9D7FA282F9}.Debug|Any CPU.ActiveCfg = Debug|Any CPU
		{9FE31612-47B8-43FC-857B-1B9D7FA282F9}.Debug|Any CPU.Build.0 = Debug|Any CPU
		{9FE31612-47B8-43FC-857B-1B9D7FA282F9}.Release|Any CPU.ActiveCfg = Release|Any CPU
		{9FE31612-47B8-43FC-857B-1B9D7FA282F9}.Release|Any CPU.Build.0 = Release|Any CPU
		{1CF4E8A7-A0B5-4342-99A4-9BB52FA92E29}.Debug|Any CPU.ActiveCfg = Debug|Any CPU
		{1CF4E8A7-A0B5-4342-99A4-9BB52FA92E29}.Debug|Any CPU.Build.0 = Debug|Any CPU
		{1CF4E8A7-A0B5-4342-99A4-9BB52FA92E29}.Release|Any CPU.ActiveCfg = Release|Any CPU
		{1CF4E8A7-A0B5-4342-99A4-9BB52FA92E29}.Release|Any CPU.Build.0 = Release|Any CPU
		{62A0B762-0422-4E38-8A86-56ABB45362A2}.Debug|Any CPU.ActiveCfg = Debug|Any CPU
		{62A0B762-0422-4E38-8A86-56ABB45362A2}.Debug|Any CPU.Build.0 = Debug|Any CPU
		{62A0B762-0422-4E38-8A86-56ABB45362A2}.Release|Any CPU.ActiveCfg = Release|Any CPU
		{62A0B762-0422-4E38-8A86-56ABB45362A2}.Release|Any CPU.Build.0 = Release|Any CPU
		{11709C08-A4E7-4D22-85BC-E8557E0E2059}.Debug|Any CPU.ActiveCfg = Debug|Any CPU
		{11709C08-A4E7-4D22-85BC-E8557E0E2059}.Debug|Any CPU.Build.0 = Debug|Any CPU
		{11709C08-A4E7-4D22-85BC-E8557E0E2059}.Release|Any CPU.ActiveCfg = Release|Any CPU
		{11709C08-A4E7-4D22-85BC-E8557E0E2059}.Release|Any CPU.Build.0 = Release|Any CPU
		{3D28CA08-677A-42C0-969B-B97D6DE65D20}.Debug|Any CPU.ActiveCfg = Debug|Any CPU
		{3D28CA08-677A-42C0-969B-B97D6DE65D20}.Debug|Any CPU.Build.0 = Debug|Any CPU
		{3D28CA08-677A-42C0-969B-B97D6DE65D20}.Release|Any CPU.ActiveCfg = Release|Any CPU
		{3D28CA08-677A-42C0-969B-B97D6DE65D20}.Release|Any CPU.Build.0 = Release|Any CPU
		{7253A334-8051-4D55-8B72-3D9B214C27FC}.Debug|Any CPU.ActiveCfg = Debug|Any CPU
		{7253A334-8051-4D55-8B72-3D9B214C27FC}.Debug|Any CPU.Build.0 = Debug|Any CPU
		{7253A334-8051-4D55-8B72-3D9B214C27FC}.Release|Any CPU.ActiveCfg = Release|Any CPU
		{7253A334-8051-4D55-8B72-3D9B214C27FC}.Release|Any CPU.Build.0 = Release|Any CPU
		{48170753-3527-4B1C-839D-CEF8DE672D75}.Debug|Any CPU.ActiveCfg = Debug|Any CPU
		{48170753-3527-4B1C-839D-CEF8DE672D75}.Debug|Any CPU.Build.0 = Debug|Any CPU
		{48170753-3527-4B1C-839D-CEF8DE672D75}.Release|Any CPU.ActiveCfg = Release|Any CPU
		{48170753-3527-4B1C-839D-CEF8DE672D75}.Release|Any CPU.Build.0 = Release|Any CPU
		{CA1B69A3-DEF8-48FF-A583-64BCE449456F}.Debug|Any CPU.ActiveCfg = Debug|Any CPU
		{CA1B69A3-DEF8-48FF-A583-64BCE449456F}.Debug|Any CPU.Build.0 = Debug|Any CPU
		{CA1B69A3-DEF8-48FF-A583-64BCE449456F}.Release|Any CPU.ActiveCfg = Release|Any CPU
		{CA1B69A3-DEF8-48FF-A583-64BCE449456F}.Release|Any CPU.Build.0 = Release|Any CPU
		{A2B4DC82-7185-4D32-B7F9-967BE02009CC}.Debug|Any CPU.ActiveCfg = Debug|Any CPU
		{A2B4DC82-7185-4D32-B7F9-967BE02009CC}.Debug|Any CPU.Build.0 = Debug|Any CPU
		{A2B4DC82-7185-4D32-B7F9-967BE02009CC}.Release|Any CPU.ActiveCfg = Release|Any CPU
		{A2B4DC82-7185-4D32-B7F9-967BE02009CC}.Release|Any CPU.Build.0 = Release|Any CPU
		{CDF9A4DC-A1C4-4189-9F80-DCC563987A8D}.Debug|Any CPU.ActiveCfg = Debug|Any CPU
		{CDF9A4DC-A1C4-4189-9F80-DCC563987A8D}.Debug|Any CPU.Build.0 = Debug|Any CPU
		{CDF9A4DC-A1C4-4189-9F80-DCC563987A8D}.Release|Any CPU.ActiveCfg = Release|Any CPU
		{CDF9A4DC-A1C4-4189-9F80-DCC563987A8D}.Release|Any CPU.Build.0 = Release|Any CPU
		{2C7FB923-DF67-4E06-BAA9-6222E4C076FF}.Debug|Any CPU.ActiveCfg = Debug|Any CPU
		{2C7FB923-DF67-4E06-BAA9-6222E4C076FF}.Debug|Any CPU.Build.0 = Debug|Any CPU
		{2C7FB923-DF67-4E06-BAA9-6222E4C076FF}.Release|Any CPU.ActiveCfg = Release|Any CPU
		{2C7FB923-DF67-4E06-BAA9-6222E4C076FF}.Release|Any CPU.Build.0 = Release|Any CPU
		{F7FCCE2C-2ED1-4FE6-B58C-F52AD9954B73}.Debug|Any CPU.ActiveCfg = Debug|Any CPU
		{F7FCCE2C-2ED1-4FE6-B58C-F52AD9954B73}.Debug|Any CPU.Build.0 = Debug|Any CPU
		{F7FCCE2C-2ED1-4FE6-B58C-F52AD9954B73}.Release|Any CPU.ActiveCfg = Release|Any CPU
		{F7FCCE2C-2ED1-4FE6-B58C-F52AD9954B73}.Release|Any CPU.Build.0 = Release|Any CPU
		{02A208C5-9DC6-4F75-A7DB-C59537AADA9B}.Debug|Any CPU.ActiveCfg = Debug|Any CPU
		{02A208C5-9DC6-4F75-A7DB-C59537AADA9B}.Debug|Any CPU.Build.0 = Debug|Any CPU
		{02A208C5-9DC6-4F75-A7DB-C59537AADA9B}.Release|Any CPU.ActiveCfg = Release|Any CPU
		{02A208C5-9DC6-4F75-A7DB-C59537AADA9B}.Release|Any CPU.Build.0 = Release|Any CPU
		{CFD2ECC1-E015-412C-BE1E-7D3CA4BB9750}.Debug|Any CPU.ActiveCfg = Debug|Any CPU
		{CFD2ECC1-E015-412C-BE1E-7D3CA4BB9750}.Debug|Any CPU.Build.0 = Debug|Any CPU
		{CFD2ECC1-E015-412C-BE1E-7D3CA4BB9750}.Release|Any CPU.ActiveCfg = Release|Any CPU
		{CFD2ECC1-E015-412C-BE1E-7D3CA4BB9750}.Release|Any CPU.Build.0 = Release|Any CPU
		{DA409951-545C-41D3-AD72-1FEA3FB2A51A}.Debug|Any CPU.ActiveCfg = Debug|Any CPU
		{DA409951-545C-41D3-AD72-1FEA3FB2A51A}.Debug|Any CPU.Build.0 = Debug|Any CPU
		{DA409951-545C-41D3-AD72-1FEA3FB2A51A}.Release|Any CPU.ActiveCfg = Release|Any CPU
		{DA409951-545C-41D3-AD72-1FEA3FB2A51A}.Release|Any CPU.Build.0 = Release|Any CPU
		{697DAFCC-5A0C-465F-9874-61305194A990}.Debug|Any CPU.ActiveCfg = Debug|Any CPU
		{697DAFCC-5A0C-465F-9874-61305194A990}.Debug|Any CPU.Build.0 = Debug|Any CPU
		{697DAFCC-5A0C-465F-9874-61305194A990}.Release|Any CPU.ActiveCfg = Release|Any CPU
		{697DAFCC-5A0C-465F-9874-61305194A990}.Release|Any CPU.Build.0 = Release|Any CPU
		{34E145EF-DB02-4C9D-96DD-3F8CF3F527CC}.Debug|Any CPU.ActiveCfg = Debug|Any CPU
		{34E145EF-DB02-4C9D-96DD-3F8CF3F527CC}.Debug|Any CPU.Build.0 = Debug|Any CPU
		{34E145EF-DB02-4C9D-96DD-3F8CF3F527CC}.Release|Any CPU.ActiveCfg = Release|Any CPU
		{34E145EF-DB02-4C9D-96DD-3F8CF3F527CC}.Release|Any CPU.Build.0 = Release|Any CPU
		{D395F473-7E84-4200-A429-B410476A0738}.Debug|Any CPU.ActiveCfg = Debug|Any CPU
		{D395F473-7E84-4200-A429-B410476A0738}.Debug|Any CPU.Build.0 = Debug|Any CPU
		{D395F473-7E84-4200-A429-B410476A0738}.Release|Any CPU.ActiveCfg = Release|Any CPU
		{D395F473-7E84-4200-A429-B410476A0738}.Release|Any CPU.Build.0 = Release|Any CPU
		{A01AB16A-1BFA-4A76-9DC5-2A661ADFC632}.Debug|Any CPU.ActiveCfg = Debug|Any CPU
		{A01AB16A-1BFA-4A76-9DC5-2A661ADFC632}.Debug|Any CPU.Build.0 = Debug|Any CPU
		{A01AB16A-1BFA-4A76-9DC5-2A661ADFC632}.Release|Any CPU.ActiveCfg = Release|Any CPU
		{A01AB16A-1BFA-4A76-9DC5-2A661ADFC632}.Release|Any CPU.Build.0 = Release|Any CPU
		{B4A0668A-0775-4AE3-95DC-B1672AEA667D}.Debug|Any CPU.ActiveCfg = Debug|Any CPU
		{B4A0668A-0775-4AE3-95DC-B1672AEA667D}.Debug|Any CPU.Build.0 = Debug|Any CPU
		{B4A0668A-0775-4AE3-95DC-B1672AEA667D}.Release|Any CPU.ActiveCfg = Release|Any CPU
		{B4A0668A-0775-4AE3-95DC-B1672AEA667D}.Release|Any CPU.Build.0 = Release|Any CPU
		{BD50D143-5184-4FC1-8428-5F588EB710C3}.Debug|Any CPU.ActiveCfg = Debug|Any CPU
		{BD50D143-5184-4FC1-8428-5F588EB710C3}.Debug|Any CPU.Build.0 = Debug|Any CPU
		{BD50D143-5184-4FC1-8428-5F588EB710C3}.Release|Any CPU.ActiveCfg = Release|Any CPU
		{BD50D143-5184-4FC1-8428-5F588EB710C3}.Release|Any CPU.Build.0 = Release|Any CPU
		{EBFCC9E7-1FD2-49F8-A080-CA8500B2408F}.Debug|Any CPU.ActiveCfg = Debug|Any CPU
		{EBFCC9E7-1FD2-49F8-A080-CA8500B2408F}.Debug|Any CPU.Build.0 = Debug|Any CPU
		{EBFCC9E7-1FD2-49F8-A080-CA8500B2408F}.Release|Any CPU.ActiveCfg = Release|Any CPU
		{EBFCC9E7-1FD2-49F8-A080-CA8500B2408F}.Release|Any CPU.Build.0 = Release|Any CPU
		{43826290-9248-4FE5-B86D-31D71456EE36}.Debug|Any CPU.ActiveCfg = Debug|Any CPU
		{43826290-9248-4FE5-B86D-31D71456EE36}.Debug|Any CPU.Build.0 = Debug|Any CPU
		{43826290-9248-4FE5-B86D-31D71456EE36}.Release|Any CPU.ActiveCfg = Release|Any CPU
		{43826290-9248-4FE5-B86D-31D71456EE36}.Release|Any CPU.Build.0 = Release|Any CPU
		{887A2C4B-B5E8-483B-A607-A904BCB32987}.Debug|Any CPU.ActiveCfg = Debug|Any CPU
		{887A2C4B-B5E8-483B-A607-A904BCB32987}.Debug|Any CPU.Build.0 = Debug|Any CPU
		{887A2C4B-B5E8-483B-A607-A904BCB32987}.Release|Any CPU.ActiveCfg = Release|Any CPU
		{887A2C4B-B5E8-483B-A607-A904BCB32987}.Release|Any CPU.Build.0 = Release|Any CPU
		{981855D4-E0E1-4A85-AA7D-671BE395C2F7}.Debug|Any CPU.ActiveCfg = Debug|Any CPU
		{981855D4-E0E1-4A85-AA7D-671BE395C2F7}.Debug|Any CPU.Build.0 = Debug|Any CPU
		{981855D4-E0E1-4A85-AA7D-671BE395C2F7}.Release|Any CPU.ActiveCfg = Release|Any CPU
		{981855D4-E0E1-4A85-AA7D-671BE395C2F7}.Release|Any CPU.Build.0 = Release|Any CPU
		{87C11725-965E-40A3-A7AE-7321D4250486}.Debug|Any CPU.ActiveCfg = Debug|Any CPU
		{87C11725-965E-40A3-A7AE-7321D4250486}.Debug|Any CPU.Build.0 = Debug|Any CPU
		{87C11725-965E-40A3-A7AE-7321D4250486}.Release|Any CPU.ActiveCfg = Release|Any CPU
		{87C11725-965E-40A3-A7AE-7321D4250486}.Release|Any CPU.Build.0 = Release|Any CPU
		{3633848C-B49C-4FF3-A33A-9C701645647F}.Debug|Any CPU.ActiveCfg = Debug|Any CPU
		{3633848C-B49C-4FF3-A33A-9C701645647F}.Debug|Any CPU.Build.0 = Debug|Any CPU
		{3633848C-B49C-4FF3-A33A-9C701645647F}.Release|Any CPU.ActiveCfg = Release|Any CPU
		{3633848C-B49C-4FF3-A33A-9C701645647F}.Release|Any CPU.Build.0 = Release|Any CPU
		{9DD6CFA8-B0E0-4076-8C81-5BD0C66206FC}.Debug|Any CPU.ActiveCfg = Debug|Any CPU
		{9DD6CFA8-B0E0-4076-8C81-5BD0C66206FC}.Debug|Any CPU.Build.0 = Debug|Any CPU
		{9DD6CFA8-B0E0-4076-8C81-5BD0C66206FC}.Release|Any CPU.ActiveCfg = Release|Any CPU
		{9DD6CFA8-B0E0-4076-8C81-5BD0C66206FC}.Release|Any CPU.Build.0 = Release|Any CPU
		{4BBAE2FB-2A5F-469B-BD92-53B9034178A9}.Debug|Any CPU.ActiveCfg = Debug|Any CPU
		{4BBAE2FB-2A5F-469B-BD92-53B9034178A9}.Debug|Any CPU.Build.0 = Debug|Any CPU
		{4BBAE2FB-2A5F-469B-BD92-53B9034178A9}.Release|Any CPU.ActiveCfg = Release|Any CPU
		{4BBAE2FB-2A5F-469B-BD92-53B9034178A9}.Release|Any CPU.Build.0 = Release|Any CPU
		{3F1C447C-DC57-4F19-A16A-B09366A41B43}.Debug|Any CPU.ActiveCfg = Debug|Any CPU
		{3F1C447C-DC57-4F19-A16A-B09366A41B43}.Debug|Any CPU.Build.0 = Debug|Any CPU
		{3F1C447C-DC57-4F19-A16A-B09366A41B43}.Release|Any CPU.ActiveCfg = Release|Any CPU
		{3F1C447C-DC57-4F19-A16A-B09366A41B43}.Release|Any CPU.Build.0 = Release|Any CPU
		{A945A8FA-41B0-430F-BF2D-EB03AAF4FF05}.Debug|Any CPU.ActiveCfg = Debug|Any CPU
		{A945A8FA-41B0-430F-BF2D-EB03AAF4FF05}.Debug|Any CPU.Build.0 = Debug|Any CPU
		{A945A8FA-41B0-430F-BF2D-EB03AAF4FF05}.Release|Any CPU.ActiveCfg = Release|Any CPU
		{A945A8FA-41B0-430F-BF2D-EB03AAF4FF05}.Release|Any CPU.Build.0 = Release|Any CPU
		{72C8F3D9-7181-41B3-A769-45EB5222E535}.Debug|Any CPU.ActiveCfg = Debug|Any CPU
		{72C8F3D9-7181-41B3-A769-45EB5222E535}.Debug|Any CPU.Build.0 = Debug|Any CPU
		{72C8F3D9-7181-41B3-A769-45EB5222E535}.Release|Any CPU.ActiveCfg = Release|Any CPU
		{72C8F3D9-7181-41B3-A769-45EB5222E535}.Release|Any CPU.Build.0 = Release|Any CPU
		{DBF32CB5-0909-415A-A54F-FAB6166AAB59}.Debug|Any CPU.ActiveCfg = Debug|Any CPU
		{DBF32CB5-0909-415A-A54F-FAB6166AAB59}.Debug|Any CPU.Build.0 = Debug|Any CPU
		{DBF32CB5-0909-415A-A54F-FAB6166AAB59}.Release|Any CPU.ActiveCfg = Release|Any CPU
		{DBF32CB5-0909-415A-A54F-FAB6166AAB59}.Release|Any CPU.Build.0 = Release|Any CPU
		{67B0B21F-6098-4044-8812-84183D71B551}.Debug|Any CPU.ActiveCfg = Debug|Any CPU
		{67B0B21F-6098-4044-8812-84183D71B551}.Debug|Any CPU.Build.0 = Debug|Any CPU
		{67B0B21F-6098-4044-8812-84183D71B551}.Release|Any CPU.ActiveCfg = Release|Any CPU
		{67B0B21F-6098-4044-8812-84183D71B551}.Release|Any CPU.Build.0 = Release|Any CPU
		{3061E0A7-9064-43B3-8867-A9B3D87914E0}.Debug|Any CPU.ActiveCfg = Debug|Any CPU
		{3061E0A7-9064-43B3-8867-A9B3D87914E0}.Debug|Any CPU.Build.0 = Debug|Any CPU
		{3061E0A7-9064-43B3-8867-A9B3D87914E0}.Release|Any CPU.ActiveCfg = Release|Any CPU
		{3061E0A7-9064-43B3-8867-A9B3D87914E0}.Release|Any CPU.Build.0 = Release|Any CPU
		{F481F0C5-D268-4874-8116-2794CA3CDEF7}.Debug|Any CPU.ActiveCfg = Debug|Any CPU
		{F481F0C5-D268-4874-8116-2794CA3CDEF7}.Debug|Any CPU.Build.0 = Debug|Any CPU
		{F481F0C5-D268-4874-8116-2794CA3CDEF7}.Release|Any CPU.ActiveCfg = Release|Any CPU
		{F481F0C5-D268-4874-8116-2794CA3CDEF7}.Release|Any CPU.Build.0 = Release|Any CPU
		{B4863833-789F-4FAF-9AF7-164FFA247409}.Debug|Any CPU.ActiveCfg = Debug|Any CPU
		{B4863833-789F-4FAF-9AF7-164FFA247409}.Debug|Any CPU.Build.0 = Debug|Any CPU
		{B4863833-789F-4FAF-9AF7-164FFA247409}.Release|Any CPU.ActiveCfg = Release|Any CPU
		{B4863833-789F-4FAF-9AF7-164FFA247409}.Release|Any CPU.Build.0 = Release|Any CPU
		{E90B159C-1138-43B7-8A9E-100FCEC3EE35}.Debug|Any CPU.ActiveCfg = Debug|Any CPU
		{E90B159C-1138-43B7-8A9E-100FCEC3EE35}.Debug|Any CPU.Build.0 = Debug|Any CPU
		{E90B159C-1138-43B7-8A9E-100FCEC3EE35}.Release|Any CPU.ActiveCfg = Release|Any CPU
		{E90B159C-1138-43B7-8A9E-100FCEC3EE35}.Release|Any CPU.Build.0 = Release|Any CPU
		{96821730-F0F5-4F91-8DA4-0EC1022309CB}.Debug|Any CPU.ActiveCfg = Debug|Any CPU
		{96821730-F0F5-4F91-8DA4-0EC1022309CB}.Debug|Any CPU.Build.0 = Debug|Any CPU
		{96821730-F0F5-4F91-8DA4-0EC1022309CB}.Release|Any CPU.ActiveCfg = Release|Any CPU
		{96821730-F0F5-4F91-8DA4-0EC1022309CB}.Release|Any CPU.Build.0 = Release|Any CPU
		{9FCACA94-A41C-4D49-8F65-EB9FF8F74DB6}.Debug|Any CPU.ActiveCfg = Debug|Any CPU
		{9FCACA94-A41C-4D49-8F65-EB9FF8F74DB6}.Debug|Any CPU.Build.0 = Debug|Any CPU
		{9FCACA94-A41C-4D49-8F65-EB9FF8F74DB6}.Release|Any CPU.ActiveCfg = Release|Any CPU
		{9FCACA94-A41C-4D49-8F65-EB9FF8F74DB6}.Release|Any CPU.Build.0 = Release|Any CPU
		{1BE4C987-3BE6-44C9-A029-E62415732683}.Debug|Any CPU.ActiveCfg = Debug|Any CPU
		{1BE4C987-3BE6-44C9-A029-E62415732683}.Debug|Any CPU.Build.0 = Debug|Any CPU
		{1BE4C987-3BE6-44C9-A029-E62415732683}.Release|Any CPU.ActiveCfg = Release|Any CPU
		{1BE4C987-3BE6-44C9-A029-E62415732683}.Release|Any CPU.Build.0 = Release|Any CPU
		{21B3E3FB-D80A-491B-B2E0-DFD8C3211A4A}.Debug|Any CPU.ActiveCfg = Debug|Any CPU
		{21B3E3FB-D80A-491B-B2E0-DFD8C3211A4A}.Debug|Any CPU.Build.0 = Debug|Any CPU
		{21B3E3FB-D80A-491B-B2E0-DFD8C3211A4A}.Release|Any CPU.ActiveCfg = Release|Any CPU
		{21B3E3FB-D80A-491B-B2E0-DFD8C3211A4A}.Release|Any CPU.Build.0 = Release|Any CPU
		{1F6EA420-0E5D-4B1F-BD1D-C27806EB9552}.Debug|Any CPU.ActiveCfg = Debug|Any CPU
		{1F6EA420-0E5D-4B1F-BD1D-C27806EB9552}.Debug|Any CPU.Build.0 = Debug|Any CPU
		{1F6EA420-0E5D-4B1F-BD1D-C27806EB9552}.Release|Any CPU.ActiveCfg = Release|Any CPU
		{1F6EA420-0E5D-4B1F-BD1D-C27806EB9552}.Release|Any CPU.Build.0 = Release|Any CPU
		{643158F1-5ED2-4BD2-B8A3-0E9FA217A86E}.Debug|Any CPU.ActiveCfg = Debug|Any CPU
		{643158F1-5ED2-4BD2-B8A3-0E9FA217A86E}.Debug|Any CPU.Build.0 = Debug|Any CPU
		{643158F1-5ED2-4BD2-B8A3-0E9FA217A86E}.Release|Any CPU.ActiveCfg = Release|Any CPU
		{643158F1-5ED2-4BD2-B8A3-0E9FA217A86E}.Release|Any CPU.Build.0 = Release|Any CPU
		{10D640B7-7ED2-4679-8AEA-2D13AC63CEF7}.Debug|Any CPU.ActiveCfg = Debug|Any CPU
		{10D640B7-7ED2-4679-8AEA-2D13AC63CEF7}.Debug|Any CPU.Build.0 = Debug|Any CPU
		{10D640B7-7ED2-4679-8AEA-2D13AC63CEF7}.Release|Any CPU.ActiveCfg = Release|Any CPU
		{10D640B7-7ED2-4679-8AEA-2D13AC63CEF7}.Release|Any CPU.Build.0 = Release|Any CPU
		{BF85B20E-B375-41F7-BA33-C01347E92759}.Debug|Any CPU.ActiveCfg = Debug|Any CPU
		{BF85B20E-B375-41F7-BA33-C01347E92759}.Debug|Any CPU.Build.0 = Debug|Any CPU
		{BF85B20E-B375-41F7-BA33-C01347E92759}.Release|Any CPU.ActiveCfg = Release|Any CPU
		{BF85B20E-B375-41F7-BA33-C01347E92759}.Release|Any CPU.Build.0 = Release|Any CPU
		{C51AAFCB-4207-45F0-A9B2-B92D67C8A319}.Debug|Any CPU.ActiveCfg = Debug|Any CPU
		{C51AAFCB-4207-45F0-A9B2-B92D67C8A319}.Debug|Any CPU.Build.0 = Debug|Any CPU
		{C51AAFCB-4207-45F0-A9B2-B92D67C8A319}.Release|Any CPU.ActiveCfg = Release|Any CPU
		{C51AAFCB-4207-45F0-A9B2-B92D67C8A319}.Release|Any CPU.Build.0 = Release|Any CPU
		{12ADD232-2ABB-4E4E-A704-AE37C55433EA}.Debug|Any CPU.ActiveCfg = Debug|Any CPU
		{12ADD232-2ABB-4E4E-A704-AE37C55433EA}.Debug|Any CPU.Build.0 = Debug|Any CPU
		{12ADD232-2ABB-4E4E-A704-AE37C55433EA}.Release|Any CPU.ActiveCfg = Release|Any CPU
		{12ADD232-2ABB-4E4E-A704-AE37C55433EA}.Release|Any CPU.Build.0 = Release|Any CPU
		{3CEF89EC-F4F1-4CEC-826D-E81E17ECBDAA}.Debug|Any CPU.ActiveCfg = Debug|Any CPU
		{3CEF89EC-F4F1-4CEC-826D-E81E17ECBDAA}.Debug|Any CPU.Build.0 = Debug|Any CPU
		{3CEF89EC-F4F1-4CEC-826D-E81E17ECBDAA}.Release|Any CPU.ActiveCfg = Release|Any CPU
		{3CEF89EC-F4F1-4CEC-826D-E81E17ECBDAA}.Release|Any CPU.Build.0 = Release|Any CPU
		{19EEDBB4-3C74-4451-8CAC-D572F4CD325D}.Debug|Any CPU.ActiveCfg = Debug|Any CPU
		{19EEDBB4-3C74-4451-8CAC-D572F4CD325D}.Debug|Any CPU.Build.0 = Debug|Any CPU
		{19EEDBB4-3C74-4451-8CAC-D572F4CD325D}.Release|Any CPU.ActiveCfg = Release|Any CPU
		{19EEDBB4-3C74-4451-8CAC-D572F4CD325D}.Release|Any CPU.Build.0 = Release|Any CPU
		{640A649F-3BC5-46C2-BC23-BBD4BF5AC92B}.Debug|Any CPU.ActiveCfg = Debug|Any CPU
		{640A649F-3BC5-46C2-BC23-BBD4BF5AC92B}.Debug|Any CPU.Build.0 = Debug|Any CPU
		{640A649F-3BC5-46C2-BC23-BBD4BF5AC92B}.Release|Any CPU.ActiveCfg = Release|Any CPU
		{640A649F-3BC5-46C2-BC23-BBD4BF5AC92B}.Release|Any CPU.Build.0 = Release|Any CPU
		{5C37056B-DDC3-4DD5-9161-C09C4B652C47}.Debug|Any CPU.ActiveCfg = Debug|Any CPU
		{5C37056B-DDC3-4DD5-9161-C09C4B652C47}.Debug|Any CPU.Build.0 = Debug|Any CPU
		{5C37056B-DDC3-4DD5-9161-C09C4B652C47}.Release|Any CPU.ActiveCfg = Release|Any CPU
		{5C37056B-DDC3-4DD5-9161-C09C4B652C47}.Release|Any CPU.Build.0 = Release|Any CPU
		{F28999D1-0DF7-47A5-849B-BA7B6DBEC8FA}.Debug|Any CPU.ActiveCfg = Debug|Any CPU
		{F28999D1-0DF7-47A5-849B-BA7B6DBEC8FA}.Debug|Any CPU.Build.0 = Debug|Any CPU
		{F28999D1-0DF7-47A5-849B-BA7B6DBEC8FA}.Release|Any CPU.ActiveCfg = Release|Any CPU
		{F28999D1-0DF7-47A5-849B-BA7B6DBEC8FA}.Release|Any CPU.Build.0 = Release|Any CPU
		{A847031A-2478-444D-B3FA-51E48A06F71F}.Debug|Any CPU.ActiveCfg = Debug|Any CPU
		{A847031A-2478-444D-B3FA-51E48A06F71F}.Debug|Any CPU.Build.0 = Debug|Any CPU
		{A847031A-2478-444D-B3FA-51E48A06F71F}.Release|Any CPU.ActiveCfg = Release|Any CPU
		{A847031A-2478-444D-B3FA-51E48A06F71F}.Release|Any CPU.Build.0 = Release|Any CPU
		{92D14E49-9FF3-4128-A8A2-B0FD11590FE4}.Debug|Any CPU.ActiveCfg = Debug|Any CPU
		{92D14E49-9FF3-4128-A8A2-B0FD11590FE4}.Debug|Any CPU.Build.0 = Debug|Any CPU
		{92D14E49-9FF3-4128-A8A2-B0FD11590FE4}.Release|Any CPU.ActiveCfg = Release|Any CPU
		{92D14E49-9FF3-4128-A8A2-B0FD11590FE4}.Release|Any CPU.Build.0 = Release|Any CPU
		{55EAAAAD-A551-4CE3-8594-A8DAD1A4B85F}.Debug|Any CPU.ActiveCfg = Debug|Any CPU
		{55EAAAAD-A551-4CE3-8594-A8DAD1A4B85F}.Debug|Any CPU.Build.0 = Debug|Any CPU
		{55EAAAAD-A551-4CE3-8594-A8DAD1A4B85F}.Release|Any CPU.ActiveCfg = Release|Any CPU
		{55EAAAAD-A551-4CE3-8594-A8DAD1A4B85F}.Release|Any CPU.Build.0 = Release|Any CPU
		{E2439E97-0ED3-4BE5-8F07-D2D14340BB7D}.Debug|Any CPU.ActiveCfg = Debug|Any CPU
		{E2439E97-0ED3-4BE5-8F07-D2D14340BB7D}.Debug|Any CPU.Build.0 = Debug|Any CPU
		{E2439E97-0ED3-4BE5-8F07-D2D14340BB7D}.Release|Any CPU.ActiveCfg = Release|Any CPU
		{E2439E97-0ED3-4BE5-8F07-D2D14340BB7D}.Release|Any CPU.Build.0 = Release|Any CPU
		{F5F52F81-9D48-4E61-B8A6-50A8571E0110}.Debug|Any CPU.ActiveCfg = Debug|Any CPU
		{F5F52F81-9D48-4E61-B8A6-50A8571E0110}.Debug|Any CPU.Build.0 = Debug|Any CPU
		{F5F52F81-9D48-4E61-B8A6-50A8571E0110}.Release|Any CPU.ActiveCfg = Release|Any CPU
		{F5F52F81-9D48-4E61-B8A6-50A8571E0110}.Release|Any CPU.Build.0 = Release|Any CPU
		{29C71EB9-4D9D-4829-9D72-64746F7D1B7C}.Debug|Any CPU.ActiveCfg = Debug|Any CPU
		{29C71EB9-4D9D-4829-9D72-64746F7D1B7C}.Debug|Any CPU.Build.0 = Debug|Any CPU
		{29C71EB9-4D9D-4829-9D72-64746F7D1B7C}.Release|Any CPU.ActiveCfg = Release|Any CPU
		{29C71EB9-4D9D-4829-9D72-64746F7D1B7C}.Release|Any CPU.Build.0 = Release|Any CPU
		{0F210303-C9EA-411E-80D0-D994CA931DD4}.Debug|Any CPU.ActiveCfg = Debug|Any CPU
		{0F210303-C9EA-411E-80D0-D994CA931DD4}.Debug|Any CPU.Build.0 = Debug|Any CPU
		{0F210303-C9EA-411E-80D0-D994CA931DD4}.Release|Any CPU.ActiveCfg = Release|Any CPU
		{0F210303-C9EA-411E-80D0-D994CA931DD4}.Release|Any CPU.Build.0 = Release|Any CPU
		{F1225FDB-36BB-4998-A324-28376F0B8E9C}.Debug|Any CPU.ActiveCfg = Debug|Any CPU
		{F1225FDB-36BB-4998-A324-28376F0B8E9C}.Debug|Any CPU.Build.0 = Debug|Any CPU
		{F1225FDB-36BB-4998-A324-28376F0B8E9C}.Release|Any CPU.ActiveCfg = Release|Any CPU
		{F1225FDB-36BB-4998-A324-28376F0B8E9C}.Release|Any CPU.Build.0 = Release|Any CPU
		{D1EA1C21-0026-4B3F-BD75-1CB685E6DF10}.Debug|Any CPU.ActiveCfg = Debug|Any CPU
		{D1EA1C21-0026-4B3F-BD75-1CB685E6DF10}.Debug|Any CPU.Build.0 = Debug|Any CPU
		{D1EA1C21-0026-4B3F-BD75-1CB685E6DF10}.Release|Any CPU.ActiveCfg = Release|Any CPU
		{D1EA1C21-0026-4B3F-BD75-1CB685E6DF10}.Release|Any CPU.Build.0 = Release|Any CPU
		{02D05F24-8FAA-46E7-984A-21F42CBC61B6}.Debug|Any CPU.ActiveCfg = Debug|Any CPU
		{02D05F24-8FAA-46E7-984A-21F42CBC61B6}.Debug|Any CPU.Build.0 = Debug|Any CPU
		{02D05F24-8FAA-46E7-984A-21F42CBC61B6}.Release|Any CPU.ActiveCfg = Release|Any CPU
		{02D05F24-8FAA-46E7-984A-21F42CBC61B6}.Release|Any CPU.Build.0 = Release|Any CPU
		{AC72767B-81F9-490D-B9F0-296C74A0DADD}.Debug|Any CPU.ActiveCfg = Debug|Any CPU
		{AC72767B-81F9-490D-B9F0-296C74A0DADD}.Debug|Any CPU.Build.0 = Debug|Any CPU
		{AC72767B-81F9-490D-B9F0-296C74A0DADD}.Release|Any CPU.ActiveCfg = Release|Any CPU
		{AC72767B-81F9-490D-B9F0-296C74A0DADD}.Release|Any CPU.Build.0 = Release|Any CPU
		{15B65969-9F08-47C9-9E66-591CFF9C97E4}.Debug|Any CPU.ActiveCfg = Debug|Any CPU
		{15B65969-9F08-47C9-9E66-591CFF9C97E4}.Debug|Any CPU.Build.0 = Debug|Any CPU
		{15B65969-9F08-47C9-9E66-591CFF9C97E4}.Release|Any CPU.ActiveCfg = Release|Any CPU
		{15B65969-9F08-47C9-9E66-591CFF9C97E4}.Release|Any CPU.Build.0 = Release|Any CPU
		{BAD4AC22-BC94-4FA7-8596-36A5E2AE697A}.Debug|Any CPU.ActiveCfg = Debug|Any CPU
		{BAD4AC22-BC94-4FA7-8596-36A5E2AE697A}.Debug|Any CPU.Build.0 = Debug|Any CPU
		{BAD4AC22-BC94-4FA7-8596-36A5E2AE697A}.Release|Any CPU.ActiveCfg = Release|Any CPU
		{BAD4AC22-BC94-4FA7-8596-36A5E2AE697A}.Release|Any CPU.Build.0 = Release|Any CPU
	EndGlobalSection
	GlobalSection(SolutionProperties) = preSolution
		HideSolutionNode = FALSE
	EndGlobalSection
	GlobalSection(NestedProjects) = preSolution
		{036AB0DB-97B3-4E33-97D4-33471615FBC6} = {EE226F64-780E-45DD-99B4-85281869FDA5}
		{FB93E612-A09C-4E88-9DBC-BB84029660CC} = {EE226F64-780E-45DD-99B4-85281869FDA5}
		{4CBBB327-443C-4599-8762-11210377E6C3} = {036AB0DB-97B3-4E33-97D4-33471615FBC6}
		{03AFE0D1-FA77-4A19-BF77-E3754458DD17} = {FB93E612-A09C-4E88-9DBC-BB84029660CC}
		{1C1ABE6E-4684-43B6-8AD1-0C7714BF0CE0} = {EE226F64-780E-45DD-99B4-85281869FDA5}
		{29E147EE-5783-4B16-AF1C-3E4A78BBF274} = {EE226F64-780E-45DD-99B4-85281869FDA5}
		{177363F8-AB94-4821-8474-DFF6A20FD9FE} = {EE226F64-780E-45DD-99B4-85281869FDA5}
		{6F402821-3436-4CF6-9781-7B0B1FA9EB95} = {EE226F64-780E-45DD-99B4-85281869FDA5}
		{760AE863-922B-432E-B852-E1A64601E84B} = {1C1ABE6E-4684-43B6-8AD1-0C7714BF0CE0}
		{5605C2B8-2CDE-4AE8-BEF2-6F080A3DA0D4} = {29E147EE-5783-4B16-AF1C-3E4A78BBF274}
		{AB475DF8-6109-44CB-B2B0-EBD600CE6875} = {177363F8-AB94-4821-8474-DFF6A20FD9FE}
		{077592CF-9364-4EFA-953C-4D7836E4DFFD} = {6F402821-3436-4CF6-9781-7B0B1FA9EB95}
		{C829C38F-5AD1-4C4B-A1D2-926D36FC205A} = {7E7D4861-9210-42D5-95C4-0D8B03C74716}
		{9CB34245-54E4-4802-BDF8-65EEDD44FE73} = {7E7D4861-9210-42D5-95C4-0D8B03C74716}
		{A9EFFBB8-75BF-42BE-84F1-B1EAEFBBFBDB} = {7E7D4861-9210-42D5-95C4-0D8B03C74716}
		{994FD530-2DEC-47C1-8E30-2C5510E0E849} = {3D261450-FAB0-408B-A627-216A1FC9221F}
		{9BB09F93-389A-499A-9757-B594551FF0E4} = {3D261450-FAB0-408B-A627-216A1FC9221F}
		{5C5DDE58-3F48-489A-A651-3735DA1F19A1} = {6A24922D-615E-4C3A-B480-4B2133080C5F}
		{87DBE819-2671-49AE-99DF-0DB0C5BA91F4} = {6A24922D-615E-4C3A-B480-4B2133080C5F}
		{76A3CF63-3240-4F72-882B-62DC8C3D9B8B} = {7E7D4861-9210-42D5-95C4-0D8B03C74716}
		{D305EFC0-E746-4746-A854-4FEF1730CC44} = {A21B867B-C1AC-4BB7-8921-F7AB7BE72DA9}
		{A21B867B-C1AC-4BB7-8921-F7AB7BE72DA9} = {7E7D4861-9210-42D5-95C4-0D8B03C74716}
		{863F1E9E-26E6-4EB9-A9E8-38FA6378A949} = {A21B867B-C1AC-4BB7-8921-F7AB7BE72DA9}
		{9FE31612-47B8-43FC-857B-1B9D7FA282F9} = {177363F8-AB94-4821-8474-DFF6A20FD9FE}
		{1CF4E8A7-A0B5-4342-99A4-9BB52FA92E29} = {177363F8-AB94-4821-8474-DFF6A20FD9FE}
		{62A0B762-0422-4E38-8A86-56ABB45362A2} = {177363F8-AB94-4821-8474-DFF6A20FD9FE}
		{11709C08-A4E7-4D22-85BC-E8557E0E2059} = {03EA1928-B44D-4E37-8E8A-9FC42A3B4ACF}
		{3D28CA08-677A-42C0-969B-B97D6DE65D20} = {03EA1928-B44D-4E37-8E8A-9FC42A3B4ACF}
		{7253A334-8051-4D55-8B72-3D9B214C27FC} = {9BB09F93-389A-499A-9757-B594551FF0E4}
		{A9CFCB3D-E166-415F-A158-D57E2B20E128} = {3D261450-FAB0-408B-A627-216A1FC9221F}
		{48170753-3527-4B1C-839D-CEF8DE672D75} = {A9CFCB3D-E166-415F-A158-D57E2B20E128}
		{C8E6E931-E90C-4CE5-AA76-5552D5748431} = {F1275039-183C-4A23-9137-F2176F757B61}
		{5D9B52D4-E568-41DA-8248-3F753D9C6630} = {EE226F64-780E-45DD-99B4-85281869FDA5}
		{515F41E7-086F-48B5-A65E-9F88087C7A12} = {EE226F64-780E-45DD-99B4-85281869FDA5}
		{66EEAB2E-F9CA-480B-964C-C5D1BC88CB07} = {EE226F64-780E-45DD-99B4-85281869FDA5}
		{E7044259-3A6F-4763-9B3D-F6BC19C3845F} = {EE226F64-780E-45DD-99B4-85281869FDA5}
		{72BFEA77-6028-4AF3-BEC4-926E857A972A} = {E7044259-3A6F-4763-9B3D-F6BC19C3845F}
		{E9F3E713-695E-4FC5-AAD9-4AF9503258CD} = {E7044259-3A6F-4763-9B3D-F6BC19C3845F}
		{CA1B69A3-DEF8-48FF-A583-64BCE449456F} = {E7044259-3A6F-4763-9B3D-F6BC19C3845F}
		{A2B4DC82-7185-4D32-B7F9-967BE02009CC} = {72BFEA77-6028-4AF3-BEC4-926E857A972A}
		{9ECE97AB-6E17-4CD3-A0F1-B3FFFE177490} = {66EEAB2E-F9CA-480B-964C-C5D1BC88CB07}
		{DB89189C-A599-4211-BEF0-178F10505F83} = {5D9B52D4-E568-41DA-8248-3F753D9C6630}
		{1ACF3B74-7F9B-4A52-A197-1D247614C67C} = {515F41E7-086F-48B5-A65E-9F88087C7A12}
		{CDF9A4DC-A1C4-4189-9F80-DCC563987A8D} = {66EEAB2E-F9CA-480B-964C-C5D1BC88CB07}
		{2C7FB923-DF67-4E06-BAA9-6222E4C076FF} = {1ACF3B74-7F9B-4A52-A197-1D247614C67C}
		{F7FCCE2C-2ED1-4FE6-B58C-F52AD9954B73} = {515F41E7-086F-48B5-A65E-9F88087C7A12}
		{02A208C5-9DC6-4F75-A7DB-C59537AADA9B} = {9ECE97AB-6E17-4CD3-A0F1-B3FFFE177490}
		{CFD2ECC1-E015-412C-BE1E-7D3CA4BB9750} = {DB89189C-A599-4211-BEF0-178F10505F83}
		{DA409951-545C-41D3-AD72-1FEA3FB2A51A} = {72BFEA77-6028-4AF3-BEC4-926E857A972A}
		{697DAFCC-5A0C-465F-9874-61305194A990} = {5D9B52D4-E568-41DA-8248-3F753D9C6630}
		{74258424-1851-47D8-B007-C1B0FB22B855} = {EE226F64-780E-45DD-99B4-85281869FDA5}
		{7C9E6AFB-E4EB-46D7-9F30-C158A6D90710} = {74258424-1851-47D8-B007-C1B0FB22B855}
		{34E145EF-DB02-4C9D-96DD-3F8CF3F527CC} = {7C9E6AFB-E4EB-46D7-9F30-C158A6D90710}
		{D395F473-7E84-4200-A429-B410476A0738} = {74258424-1851-47D8-B007-C1B0FB22B855}
		{323B2B51-C0F6-44F5-9CD0-DE84182CBEC9} = {9BB09F93-389A-499A-9757-B594551FF0E4}
		{A01AB16A-1BFA-4A76-9DC5-2A661ADFC632} = {323B2B51-C0F6-44F5-9CD0-DE84182CBEC9}
		{B4A0668A-0775-4AE3-95DC-B1672AEA667D} = {C8E6E931-E90C-4CE5-AA76-5552D5748431}
		{BD50D143-5184-4FC1-8428-5F588EB710C3} = {C8E6E931-E90C-4CE5-AA76-5552D5748431}
		{EBFCC9E7-1FD2-49F8-A080-CA8500B2408F} = {C8E6E931-E90C-4CE5-AA76-5552D5748431}
		{3B4EBA3E-4D0A-45FC-87BD-A54A64C60E9A} = {29E147EE-5783-4B16-AF1C-3E4A78BBF274}
		{43826290-9248-4FE5-B86D-31D71456EE36} = {E9F3E713-695E-4FC5-AAD9-4AF9503258CD}
		{887A2C4B-B5E8-483B-A607-A904BCB32987} = {3B4EBA3E-4D0A-45FC-87BD-A54A64C60E9A}
		{AEFDD60C-A3AB-4171-96B4-19DCEAA87018} = {EE226F64-780E-45DD-99B4-85281869FDA5}
		{981855D4-E0E1-4A85-AA7D-671BE395C2F7} = {AEFDD60C-A3AB-4171-96B4-19DCEAA87018}
		{797B569D-DBBA-4132-AFD7-891626E303A2} = {AEFDD60C-A3AB-4171-96B4-19DCEAA87018}
		{87C11725-965E-40A3-A7AE-7321D4250486} = {7E7D4861-9210-42D5-95C4-0D8B03C74716}
		{9EB020EC-5C80-40AB-ADF3-F46D8B4C1934} = {EE226F64-780E-45DD-99B4-85281869FDA5}
		{C2578347-020A-43EE-8780-5BD177C3ABCC} = {EE226F64-780E-45DD-99B4-85281869FDA5}
		{3633848C-B49C-4FF3-A33A-9C701645647F} = {9EB020EC-5C80-40AB-ADF3-F46D8B4C1934}
		{D72AE215-CA21-454E-83F1-CF5E2C143A34} = {9EB020EC-5C80-40AB-ADF3-F46D8B4C1934}
		{9DFA0E0D-E486-445F-8836-7AB4832B979D} = {C2578347-020A-43EE-8780-5BD177C3ABCC}
		{9DD6CFA8-B0E0-4076-8C81-5BD0C66206FC} = {C2578347-020A-43EE-8780-5BD177C3ABCC}
		{A3199436-1254-4FFF-A0FF-6ACD63B85499} = {EE226F64-780E-45DD-99B4-85281869FDA5}
		{E47226F8-4F63-4D44-AEAD-5FD79ACA8838} = {A3199436-1254-4FFF-A0FF-6ACD63B85499}
		{4BBAE2FB-2A5F-469B-BD92-53B9034178A9} = {E47226F8-4F63-4D44-AEAD-5FD79ACA8838}
		{3F1C447C-DC57-4F19-A16A-B09366A41B43} = {A3199436-1254-4FFF-A0FF-6ACD63B85499}
		{A6E5C725-A2C0-4014-891A-4AF901640FB9} = {F1275039-183C-4A23-9137-F2176F757B61}
		{A945A8FA-41B0-430F-BF2D-EB03AAF4FF05} = {2269B004-B663-4379-B2D0-62B0B1EACE10}
		{72C8F3D9-7181-41B3-A769-45EB5222E535} = {2269B004-B663-4379-B2D0-62B0B1EACE10}
		{DBF32CB5-0909-415A-A54F-FAB6166AAB59} = {2269B004-B663-4379-B2D0-62B0B1EACE10}
		{2269B004-B663-4379-B2D0-62B0B1EACE10} = {A6E5C725-A2C0-4014-891A-4AF901640FB9}
		{821F2136-7D54-4F91-9BBB-3BE9858DB4F4} = {2269B004-B663-4379-B2D0-62B0B1EACE10}
		{C81A0103-252A-4DA9-B04E-D0AA169EBD95} = {821F2136-7D54-4F91-9BBB-3BE9858DB4F4}
		{9203C08C-89A7-4CA1-AD76-6498F3230783} = {821F2136-7D54-4F91-9BBB-3BE9858DB4F4}
		{67B0B21F-6098-4044-8812-84183D71B551} = {9203C08C-89A7-4CA1-AD76-6498F3230783}
		{3061E0A7-9064-43B3-8867-A9B3D87914E0} = {9203C08C-89A7-4CA1-AD76-6498F3230783}
		{F481F0C5-D268-4874-8116-2794CA3CDEF7} = {C81A0103-252A-4DA9-B04E-D0AA169EBD95}
		{B4863833-789F-4FAF-9AF7-164FFA247409} = {9DFA0E0D-E486-445F-8836-7AB4832B979D}
		{C023F7E5-BA7E-41D6-9062-E9BFBAE75BE0} = {FB93E612-A09C-4E88-9DBC-BB84029660CC}
		{E90B159C-1138-43B7-8A9E-100FCEC3EE35} = {C023F7E5-BA7E-41D6-9062-E9BFBAE75BE0}
		{B9FC20AC-3E85-4143-95E0-A68F12F33EEE} = {A6E5C725-A2C0-4014-891A-4AF901640FB9}
		{2CABD973-1566-4485-A5D6-D2B7CD303700} = {B9FC20AC-3E85-4143-95E0-A68F12F33EEE}
		{96821730-F0F5-4F91-8DA4-0EC1022309CB} = {B9FC20AC-3E85-4143-95E0-A68F12F33EEE}
		{9FCACA94-A41C-4D49-8F65-EB9FF8F74DB6} = {B9FC20AC-3E85-4143-95E0-A68F12F33EEE}
		{E1469C51-34C2-4E14-965C-5DF9AB828505} = {9EB020EC-5C80-40AB-ADF3-F46D8B4C1934}
		{1BE4C987-3BE6-44C9-A029-E62415732683} = {E1469C51-34C2-4E14-965C-5DF9AB828505}
		{35F79A90-BF2B-47ED-9E16-4D0C9108807B} = {EE226F64-780E-45DD-99B4-85281869FDA5}
		{21B3E3FB-D80A-491B-B2E0-DFD8C3211A4A} = {35F79A90-BF2B-47ED-9E16-4D0C9108807B}
		{F0531E23-3164-4BC5-9EF5-BD61530D40B2} = {A6E5C725-A2C0-4014-891A-4AF901640FB9}
		{1F6EA420-0E5D-4B1F-BD1D-C27806EB9552} = {F0531E23-3164-4BC5-9EF5-BD61530D40B2}
		{643158F1-5ED2-4BD2-B8A3-0E9FA217A86E} = {F0531E23-3164-4BC5-9EF5-BD61530D40B2}
		{79704F6F-80F2-43DC-ADE5-A8C00CC7BDA8} = {35F79A90-BF2B-47ED-9E16-4D0C9108807B}
		{3F6E0DEF-161D-476F-ABA9-D100B90F4828} = {C8E6E931-E90C-4CE5-AA76-5552D5748431}
		{ED237029-7574-4C6B-852B-BB6D6B109EC9} = {3F6E0DEF-161D-476F-ABA9-D100B90F4828}
		{CC6D05A1-E0CF-413A-B23D-BC9763B0DC54} = {ED237029-7574-4C6B-852B-BB6D6B109EC9}
		{CC03A8B3-A561-4FB7-8A3E-A354785330E1} = {3F6E0DEF-161D-476F-ABA9-D100B90F4828}
		{F9D03B72-2C9B-46A2-9939-64DD586E80A5} = {CC03A8B3-A561-4FB7-8A3E-A354785330E1}
		{AD4C1A96-62C0-41DD-B914-353939F5D220} = {3F6E0DEF-161D-476F-ABA9-D100B90F4828}
		{10D640B7-7ED2-4679-8AEA-2D13AC63CEF7} = {CC03A8B3-A561-4FB7-8A3E-A354785330E1}
		{BF85B20E-B375-41F7-BA33-C01347E92759} = {AD4C1A96-62C0-41DD-B914-353939F5D220}
		{C51AAFCB-4207-45F0-A9B2-B92D67C8A319} = {ED237029-7574-4C6B-852B-BB6D6B109EC9}
		{12ADD232-2ABB-4E4E-A704-AE37C55433EA} = {ED237029-7574-4C6B-852B-BB6D6B109EC9}
		{3CEF89EC-F4F1-4CEC-826D-E81E17ECBDAA} = {760AE863-922B-432E-B852-E1A64601E84B}
		{19EEDBB4-3C74-4451-8CAC-D572F4CD325D} = {1C1ABE6E-4684-43B6-8AD1-0C7714BF0CE0}
		{640A649F-3BC5-46C2-BC23-BBD4BF5AC92B} = {03AFE0D1-FA77-4A19-BF77-E3754458DD17}
		{5C37056B-DDC3-4DD5-9161-C09C4B652C47} = {FB93E612-A09C-4E88-9DBC-BB84029660CC}
		{F28999D1-0DF7-47A5-849B-BA7B6DBEC8FA} = {4CBBB327-443C-4599-8762-11210377E6C3}
		{A847031A-2478-444D-B3FA-51E48A06F71F} = {036AB0DB-97B3-4E33-97D4-33471615FBC6}
		{92D14E49-9FF3-4128-A8A2-B0FD11590FE4} = {5605C2B8-2CDE-4AE8-BEF2-6F080A3DA0D4}
		{55EAAAAD-A551-4CE3-8594-A8DAD1A4B85F} = {29E147EE-5783-4B16-AF1C-3E4A78BBF274}
		{E2439E97-0ED3-4BE5-8F07-D2D14340BB7D} = {AB475DF8-6109-44CB-B2B0-EBD600CE6875}
		{F5F52F81-9D48-4E61-B8A6-50A8571E0110} = {177363F8-AB94-4821-8474-DFF6A20FD9FE}
		{29C71EB9-4D9D-4829-9D72-64746F7D1B7C} = {077592CF-9364-4EFA-953C-4D7836E4DFFD}
		{0F210303-C9EA-411E-80D0-D994CA931DD4} = {6F402821-3436-4CF6-9781-7B0B1FA9EB95}
		{F1225FDB-36BB-4998-A324-28376F0B8E9C} = {79704F6F-80F2-43DC-ADE5-A8C00CC7BDA8}
		{AE6ADD17-8B59-486E-AC95-D83A43394FA3} = {EE226F64-780E-45DD-99B4-85281869FDA5}
		{2D02314F-733C-4403-8E87-45F9ED6EFE7D} = {AE6ADD17-8B59-486E-AC95-D83A43394FA3}
		{F00E5EBC-65FC-43F3-A577-7FDA55EBA0C9} = {EE226F64-780E-45DD-99B4-85281869FDA5}
		{589549BD-A6D3-49DE-ACCD-688EB3B4A846} = {F00E5EBC-65FC-43F3-A577-7FDA55EBA0C9}
		{A4F3CAB1-D282-4F20-B8A2-3EE02FC0865C} = {F00E5EBC-65FC-43F3-A577-7FDA55EBA0C9}
		{43D13EBB-591E-4759-B8A3-398D4FC58ACB} = {F00E5EBC-65FC-43F3-A577-7FDA55EBA0C9}
		{ED0E60A4-EA15-4DEF-ACEF-77C9EFCD6572} = {A4F3CAB1-D282-4F20-B8A2-3EE02FC0865C}
		{44AAE7C5-4F4A-416B-9AC9-D59401F41766} = {589549BD-A6D3-49DE-ACCD-688EB3B4A846}
		{0514A94D-12C2-43EF-92C4-70264E796236} = {43D13EBB-591E-4759-B8A3-398D4FC58ACB}
		{A1B70A79-5852-4289-B5AB-646FB035076C} = {C8E6E931-E90C-4CE5-AA76-5552D5748431}
		{D1EA1C21-0026-4B3F-BD75-1CB685E6DF10} = {A1B70A79-5852-4289-B5AB-646FB035076C}
		{02D05F24-8FAA-46E7-984A-21F42CBC61B6} = {C8E6E931-E90C-4CE5-AA76-5552D5748431}
		{08512186-325B-4887-B680-879188193CE7} = {F0531E23-3164-4BC5-9EF5-BD61530D40B2}
		{6838B820-47FD-4FCD-8641-5556386C5CC1} = {08512186-325B-4887-B680-879188193CE7}
		{726AFECC-3962-4D83-A5D6-623EA31ED09A} = {08512186-325B-4887-B680-879188193CE7}
		{0B5586B1-D711-410F-A45C-091724FB258A} = {EE226F64-780E-45DD-99B4-85281869FDA5}
		{AC72767B-81F9-490D-B9F0-296C74A0DADD} = {0B5586B1-D711-410F-A45C-091724FB258A}
		{B22BD26A-A12A-4A04-B490-5EB449F16D20} = {EE226F64-780E-45DD-99B4-85281869FDA5}
		{66E64255-239D-4052-A6AB-B15C6AE0629A} = {B22BD26A-A12A-4A04-B490-5EB449F16D20}
		{15B65969-9F08-47C9-9E66-591CFF9C97E4} = {B22BD26A-A12A-4A04-B490-5EB449F16D20}
		{BAD4AC22-BC94-4FA7-8596-36A5E2AE697A} = {66E64255-239D-4052-A6AB-B15C6AE0629A}
	EndGlobalSection
	GlobalSection(ExtensibilityGlobals) = postSolution
		SolutionGuid = {16E930B6-CA49-4BBE-BD42-6D032E69A5C5}
	EndGlobalSection
EndGlobal
