
Microsoft Visual Studio Solution File, Format Version 12.00
# Visual Studio Version 16
VisualStudioVersion = 16.0.29806.167
MinimumVisualStudioVersion = 10.0.40219.1
Project("{9A19103F-16F7-4668-BE54-9A1E7A4F7556}") = "IdentityService.Tests", "IdentityService.Tests\IdentityService.Tests.csproj", "{15C311AC-C726-409B-BB6E-E95AAB4AE160}"
EndProject
Project("{9A19103F-16F7-4668-BE54-9A1E7A4F7556}") = "IdentityService.API", "IdentityService.API\IdentityService.API.csproj", "{92821884-7A2D-4D60-8A0F-65B801D55AED}"
EndProject
Project("{9A19103F-16F7-4668-BE54-9A1E7A4F7556}") = "CatalogService.API", "CatalogService.API\CatalogService.API.csproj", "{49AEA0CD-AF5C-4D26-A171-57CDCBCEC7AD}"
EndProject
Project("{E53339B2-1760-4266-BCC7-CA923CBCF16C}") = "docker-compose", "docker-compose.dcproj", "{A7FFDBA4-7D90-44A0-AF6E-F3E30EF6C463}"
EndProject
Project("{2150E333-8FDC-42A3-9474-1A3956D46DE8}") = "Services", "Services", "{EE226F64-780E-45DD-99B4-85281869FDA5}"
EndProject
Project("{2150E333-8FDC-42A3-9474-1A3956D46DE8}") = "Identity", "Identity", "{036AB0DB-97B3-4E33-97D4-33471615FBC6}"
EndProject
Project("{2150E333-8FDC-42A3-9474-1A3956D46DE8}") = "Catalog", "Catalog", "{FB93E612-A09C-4E88-9DBC-BB84029660CC}"
EndProject
Project("{2150E333-8FDC-42A3-9474-1A3956D46DE8}") = "Tests", "Tests", "{4CBBB327-443C-4599-8762-11210377E6C3}"
EndProject
Project("{2150E333-8FDC-42A3-9474-1A3956D46DE8}") = "Tests", "Tests", "{03AFE0D1-FA77-4A19-BF77-E3754458DD17}"
EndProject
Project("{2150E333-8FDC-42A3-9474-1A3956D46DE8}") = "ApiGateWay", "ApiGateWay", "{3D261450-FAB0-408B-A627-216A1FC9221F}"
EndProject
Project("{2150E333-8FDC-42A3-9474-1A3956D46DE8}") = "ServiceBus", "ServiceBus", "{7E7D4861-9210-42D5-95C4-0D8B03C74716}"
EndProject
Project("{2150E333-8FDC-42A3-9474-1A3956D46DE8}") = "Cart", "Cart", "{1C1ABE6E-4684-43B6-8AD1-0C7714BF0CE0}"
EndProject
Project("{2150E333-8FDC-42A3-9474-1A3956D46DE8}") = "Marketing", "Marketing", "{29E147EE-5783-4B16-AF1C-3E4A78BBF274}"
EndProject
Project("{2150E333-8FDC-42A3-9474-1A3956D46DE8}") = "Order", "Order", "{177363F8-AB94-4821-8474-DFF6A20FD9FE}"
EndProject
Project("{2150E333-8FDC-42A3-9474-1A3956D46DE8}") = "Payment", "Payment", "{6F402821-3436-4CF6-9781-7B0B1FA9EB95}"
EndProject
Project("{9A19103F-16F7-4668-BE54-9A1E7A4F7556}") = "CartService.API", "CartService.API\CartService.API.csproj", "{C8312BAC-D751-40B8-A509-BA7B8048E4C7}"
EndProject
Project("{2150E333-8FDC-42A3-9474-1A3956D46DE8}") = "Tests", "Tests", "{760AE863-922B-432E-B852-E1A64601E84B}"
EndProject
Project("{9A19103F-16F7-4668-BE54-9A1E7A4F7556}") = "CatalogService.Tests", "CatalogService.Tests\CatalogService.Tests.csproj", "{D992F505-9864-4B9E-95E4-332DFF9ACA1A}"
EndProject
Project("{9A19103F-16F7-4668-BE54-9A1E7A4F7556}") = "CartService.Tests", "CartService.Tests\CartService.Tests.csproj", "{F844211C-D6F5-49A2-AE34-E36A6E595B9D}"
EndProject
Project("{9A19103F-16F7-4668-BE54-9A1E7A4F7556}") = "PaymentService.API", "PaymentService.API\PaymentService.API.csproj", "{F605F2B2-83B3-4FDA-8DC3-CAF24230A0BA}"
EndProject
Project("{9A19103F-16F7-4668-BE54-9A1E7A4F7556}") = "OrderService.API", "OrderService.API\OrderService.API.csproj", "{E6B30ED1-E4A1-4493-B758-4269DB788687}"
EndProject
Project("{2150E333-8FDC-42A3-9474-1A3956D46DE8}") = "Tests", "Tests", "{5605C2B8-2CDE-4AE8-BEF2-6F080A3DA0D4}"
EndProject
Project("{9A19103F-16F7-4668-BE54-9A1E7A4F7556}") = "MarketingService.Tests", "MarketingService.Tests\MarketingService.Tests.csproj", "{435ECB28-0C3F-4566-A48E-67AE01D1E338}"
EndProject
Project("{2150E333-8FDC-42A3-9474-1A3956D46DE8}") = "Tests", "Tests", "{AB475DF8-6109-44CB-B2B0-EBD600CE6875}"
EndProject
Project("{2150E333-8FDC-42A3-9474-1A3956D46DE8}") = "Tests", "Tests", "{077592CF-9364-4EFA-953C-4D7836E4DFFD}"
EndProject
Project("{9A19103F-16F7-4668-BE54-9A1E7A4F7556}") = "OrderService.Tests", "OrderService.Tests\OrderService.Tests.csproj", "{CBBBABF2-5F4A-441C-962D-A542E5F942CC}"
EndProject
Project("{9A19103F-16F7-4668-BE54-9A1E7A4F7556}") = "PaymentService.Tests", "PaymentService.Tests\PaymentService.Tests.csproj", "{C8358758-DC85-4FF6-825D-7303AE2CBCB8}"
EndProject
Project("{9A19103F-16F7-4668-BE54-9A1E7A4F7556}") = "MarketingService.API", "MarketingService.API\MarketingService.API.csproj", "{CE80E50B-7EF3-4BEC-8A6B-576B3C377B61}"
EndProject
Project("{9A19103F-16F7-4668-BE54-9A1E7A4F7556}") = "EventBus.RabbitMQ", "EventBuses\EventBus.RabbitMQ\EventBus.RabbitMQ.csproj", "{C829C38F-5AD1-4C4B-A1D2-926D36FC205A}"
EndProject
Project("{9A19103F-16F7-4668-BE54-9A1E7A4F7556}") = "EventBus.AzureServiceBus", "EventBuses\EventBus.AzureServiceBus\EventBus.AzureServiceBus.csproj", "{9CB34245-54E4-4802-BDF8-65EEDD44FE73}"
EndProject
Project("{9A19103F-16F7-4668-BE54-9A1E7A4F7556}") = "EventBus.Shared", "EventBuses\EventBus.Shared\EventBus.Shared.csproj", "{A9EFFBB8-75BF-42BE-84F1-B1EAEFBBFBDB}"
EndProject
Project("{2150E333-8FDC-42A3-9474-1A3956D46DE8}") = "Mobile", "Mobile", "{994FD530-2DEC-47C1-8E30-2C5510E0E849}"
EndProject
Project("{2150E333-8FDC-42A3-9474-1A3956D46DE8}") = "Desktop", "Desktop", "{9BB09F93-389A-499A-9757-B594551FF0E4}"
EndProject
Project("{2150E333-8FDC-42A3-9474-1A3956D46DE8}") = "AzureVaultAccess", "AzureVaultAccess", "{6A24922D-615E-4C3A-B480-4B2133080C5F}"
EndProject
Project("{9A19103F-16F7-4668-BE54-9A1E7A4F7556}") = "VaultAccess.Shared", "AzureVaultAccess\VaultAccess.Shared\VaultAccess.Shared.csproj", "{5C5DDE58-3F48-489A-A651-3735DA1F19A1}"
EndProject
Project("{9A19103F-16F7-4668-BE54-9A1E7A4F7556}") = "VaultAccess.Azure", "AzureVaultAccess\VaultAccess.Azure\VaultAccess.Azure.csproj", "{87DBE819-2671-49AE-99DF-0DB0C5BA91F4}"
EndProject
Project("{9A19103F-16F7-4668-BE54-9A1E7A4F7556}") = "IntegrationEventLogEF", "EventBuses\IntegrationEventLogEF\IntegrationEventLogEF.csproj", "{76A3CF63-3240-4F72-882B-62DC8C3D9B8B}"
EndProject
Project("{9A19103F-16F7-4668-BE54-9A1E7A4F7556}") = "EventBus.Tests.RabbitMQ", "EventBuses\Tests\EventBus.Tests.RabbitMQ\EventBus.Tests.RabbitMQ.csproj", "{D305EFC0-E746-4746-A854-4FEF1730CC44}"
EndProject
Project("{2150E333-8FDC-42A3-9474-1A3956D46DE8}") = "Tests", "Tests", "{A21B867B-C1AC-4BB7-8921-F7AB7BE72DA9}"
EndProject
Project("{9A19103F-16F7-4668-BE54-9A1E7A4F7556}") = "EventBuses.Tests.AzureServiceBus", "EventBuses\Tests\EventBuses.Tests.AzureServiceBus\EventBuses.Tests.AzureServiceBus.csproj", "{863F1E9E-26E6-4EB9-A9E8-38FA6378A949}"
EndProject
Project("{9A19103F-16F7-4668-BE54-9A1E7A4F7556}") = "OrderService.Domain", "Services\Orders\OrderService.Domain\OrderService.Domain.csproj", "{9FE31612-47B8-43FC-857B-1B9D7FA282F9}"
EndProject
Project("{9A19103F-16F7-4668-BE54-9A1E7A4F7556}") = "OrderService.BackgroundTasks", "Services\Orders\OrderService.BackgroundTasks\OrderService.BackgroundTasks.csproj", "{1CF4E8A7-A0B5-4342-99A4-9BB52FA92E29}"
EndProject
Project("{9A19103F-16F7-4668-BE54-9A1E7A4F7556}") = "OrderService.Infrastructare", "Services\Orders\OrderService.Infrastructare\OrderService.Infrastructare.csproj", "{62A0B762-0422-4E38-8A86-56ABB45362A2}"
EndProject
Project("{2150E333-8FDC-42A3-9474-1A3956D46DE8}") = "WebApps", "WebApps", "{03EA1928-B44D-4E37-8E8A-9FC42A3B4ACF}"
EndProject
Project("{9A19103F-16F7-4668-BE54-9A1E7A4F7556}") = "WebMVC", "WebApps\WebMVC\WebMVC.csproj", "{11709C08-A4E7-4D22-85BC-E8557E0E2059}"
EndProject
Project("{9A19103F-16F7-4668-BE54-9A1E7A4F7556}") = "WebBlazor", "WebApps\WebBlazor\WebBlazor.csproj", "{B6A7AB30-C25F-450C-B963-158A9DC898D0}"
EndProject
Global
	GlobalSection(SolutionConfigurationPlatforms) = preSolution
		Debug|Any CPU = Debug|Any CPU
		Release|Any CPU = Release|Any CPU
	EndGlobalSection
	GlobalSection(ProjectConfigurationPlatforms) = postSolution
		{15C311AC-C726-409B-BB6E-E95AAB4AE160}.Debug|Any CPU.ActiveCfg = Debug|Any CPU
		{15C311AC-C726-409B-BB6E-E95AAB4AE160}.Debug|Any CPU.Build.0 = Debug|Any CPU
		{15C311AC-C726-409B-BB6E-E95AAB4AE160}.Release|Any CPU.ActiveCfg = Release|Any CPU
		{15C311AC-C726-409B-BB6E-E95AAB4AE160}.Release|Any CPU.Build.0 = Release|Any CPU
		{92821884-7A2D-4D60-8A0F-65B801D55AED}.Debug|Any CPU.ActiveCfg = Debug|Any CPU
		{92821884-7A2D-4D60-8A0F-65B801D55AED}.Debug|Any CPU.Build.0 = Debug|Any CPU
		{92821884-7A2D-4D60-8A0F-65B801D55AED}.Release|Any CPU.ActiveCfg = Release|Any CPU
		{92821884-7A2D-4D60-8A0F-65B801D55AED}.Release|Any CPU.Build.0 = Release|Any CPU
		{49AEA0CD-AF5C-4D26-A171-57CDCBCEC7AD}.Debug|Any CPU.ActiveCfg = Debug|Any CPU
		{49AEA0CD-AF5C-4D26-A171-57CDCBCEC7AD}.Debug|Any CPU.Build.0 = Debug|Any CPU
		{49AEA0CD-AF5C-4D26-A171-57CDCBCEC7AD}.Release|Any CPU.ActiveCfg = Release|Any CPU
		{49AEA0CD-AF5C-4D26-A171-57CDCBCEC7AD}.Release|Any CPU.Build.0 = Release|Any CPU
		{A7FFDBA4-7D90-44A0-AF6E-F3E30EF6C463}.Debug|Any CPU.ActiveCfg = Debug|Any CPU
		{A7FFDBA4-7D90-44A0-AF6E-F3E30EF6C463}.Debug|Any CPU.Build.0 = Debug|Any CPU
		{A7FFDBA4-7D90-44A0-AF6E-F3E30EF6C463}.Release|Any CPU.ActiveCfg = Release|Any CPU
		{A7FFDBA4-7D90-44A0-AF6E-F3E30EF6C463}.Release|Any CPU.Build.0 = Release|Any CPU
		{C8312BAC-D751-40B8-A509-BA7B8048E4C7}.Debug|Any CPU.ActiveCfg = Debug|Any CPU
		{C8312BAC-D751-40B8-A509-BA7B8048E4C7}.Debug|Any CPU.Build.0 = Debug|Any CPU
		{C8312BAC-D751-40B8-A509-BA7B8048E4C7}.Release|Any CPU.ActiveCfg = Release|Any CPU
		{C8312BAC-D751-40B8-A509-BA7B8048E4C7}.Release|Any CPU.Build.0 = Release|Any CPU
		{D992F505-9864-4B9E-95E4-332DFF9ACA1A}.Debug|Any CPU.ActiveCfg = Debug|Any CPU
		{D992F505-9864-4B9E-95E4-332DFF9ACA1A}.Debug|Any CPU.Build.0 = Debug|Any CPU
		{D992F505-9864-4B9E-95E4-332DFF9ACA1A}.Release|Any CPU.ActiveCfg = Release|Any CPU
		{D992F505-9864-4B9E-95E4-332DFF9ACA1A}.Release|Any CPU.Build.0 = Release|Any CPU
		{F844211C-D6F5-49A2-AE34-E36A6E595B9D}.Debug|Any CPU.ActiveCfg = Debug|Any CPU
		{F844211C-D6F5-49A2-AE34-E36A6E595B9D}.Debug|Any CPU.Build.0 = Debug|Any CPU
		{F844211C-D6F5-49A2-AE34-E36A6E595B9D}.Release|Any CPU.ActiveCfg = Release|Any CPU
		{F844211C-D6F5-49A2-AE34-E36A6E595B9D}.Release|Any CPU.Build.0 = Release|Any CPU
		{F605F2B2-83B3-4FDA-8DC3-CAF24230A0BA}.Debug|Any CPU.ActiveCfg = Debug|Any CPU
		{F605F2B2-83B3-4FDA-8DC3-CAF24230A0BA}.Debug|Any CPU.Build.0 = Debug|Any CPU
		{F605F2B2-83B3-4FDA-8DC3-CAF24230A0BA}.Release|Any CPU.ActiveCfg = Release|Any CPU
		{F605F2B2-83B3-4FDA-8DC3-CAF24230A0BA}.Release|Any CPU.Build.0 = Release|Any CPU
		{E6B30ED1-E4A1-4493-B758-4269DB788687}.Debug|Any CPU.ActiveCfg = Debug|Any CPU
		{E6B30ED1-E4A1-4493-B758-4269DB788687}.Debug|Any CPU.Build.0 = Debug|Any CPU
		{E6B30ED1-E4A1-4493-B758-4269DB788687}.Release|Any CPU.ActiveCfg = Release|Any CPU
		{E6B30ED1-E4A1-4493-B758-4269DB788687}.Release|Any CPU.Build.0 = Release|Any CPU
		{435ECB28-0C3F-4566-A48E-67AE01D1E338}.Debug|Any CPU.ActiveCfg = Debug|Any CPU
		{435ECB28-0C3F-4566-A48E-67AE01D1E338}.Debug|Any CPU.Build.0 = Debug|Any CPU
		{435ECB28-0C3F-4566-A48E-67AE01D1E338}.Release|Any CPU.ActiveCfg = Release|Any CPU
		{435ECB28-0C3F-4566-A48E-67AE01D1E338}.Release|Any CPU.Build.0 = Release|Any CPU
		{CBBBABF2-5F4A-441C-962D-A542E5F942CC}.Debug|Any CPU.ActiveCfg = Debug|Any CPU
		{CBBBABF2-5F4A-441C-962D-A542E5F942CC}.Debug|Any CPU.Build.0 = Debug|Any CPU
		{CBBBABF2-5F4A-441C-962D-A542E5F942CC}.Release|Any CPU.ActiveCfg = Release|Any CPU
		{CBBBABF2-5F4A-441C-962D-A542E5F942CC}.Release|Any CPU.Build.0 = Release|Any CPU
		{C8358758-DC85-4FF6-825D-7303AE2CBCB8}.Debug|Any CPU.ActiveCfg = Debug|Any CPU
		{C8358758-DC85-4FF6-825D-7303AE2CBCB8}.Debug|Any CPU.Build.0 = Debug|Any CPU
		{C8358758-DC85-4FF6-825D-7303AE2CBCB8}.Release|Any CPU.ActiveCfg = Release|Any CPU
		{C8358758-DC85-4FF6-825D-7303AE2CBCB8}.Release|Any CPU.Build.0 = Release|Any CPU
		{CE80E50B-7EF3-4BEC-8A6B-576B3C377B61}.Debug|Any CPU.ActiveCfg = Debug|Any CPU
		{CE80E50B-7EF3-4BEC-8A6B-576B3C377B61}.Debug|Any CPU.Build.0 = Debug|Any CPU
		{CE80E50B-7EF3-4BEC-8A6B-576B3C377B61}.Release|Any CPU.ActiveCfg = Release|Any CPU
		{CE80E50B-7EF3-4BEC-8A6B-576B3C377B61}.Release|Any CPU.Build.0 = Release|Any CPU
		{C829C38F-5AD1-4C4B-A1D2-926D36FC205A}.Debug|Any CPU.ActiveCfg = Debug|Any CPU
		{C829C38F-5AD1-4C4B-A1D2-926D36FC205A}.Debug|Any CPU.Build.0 = Debug|Any CPU
		{C829C38F-5AD1-4C4B-A1D2-926D36FC205A}.Release|Any CPU.ActiveCfg = Release|Any CPU
		{C829C38F-5AD1-4C4B-A1D2-926D36FC205A}.Release|Any CPU.Build.0 = Release|Any CPU
		{9CB34245-54E4-4802-BDF8-65EEDD44FE73}.Debug|Any CPU.ActiveCfg = Debug|Any CPU
		{9CB34245-54E4-4802-BDF8-65EEDD44FE73}.Debug|Any CPU.Build.0 = Debug|Any CPU
		{9CB34245-54E4-4802-BDF8-65EEDD44FE73}.Release|Any CPU.ActiveCfg = Release|Any CPU
		{9CB34245-54E4-4802-BDF8-65EEDD44FE73}.Release|Any CPU.Build.0 = Release|Any CPU
		{A9EFFBB8-75BF-42BE-84F1-B1EAEFBBFBDB}.Debug|Any CPU.ActiveCfg = Debug|Any CPU
		{A9EFFBB8-75BF-42BE-84F1-B1EAEFBBFBDB}.Debug|Any CPU.Build.0 = Debug|Any CPU
		{A9EFFBB8-75BF-42BE-84F1-B1EAEFBBFBDB}.Release|Any CPU.ActiveCfg = Release|Any CPU
		{A9EFFBB8-75BF-42BE-84F1-B1EAEFBBFBDB}.Release|Any CPU.Build.0 = Release|Any CPU
		{5C5DDE58-3F48-489A-A651-3735DA1F19A1}.Debug|Any CPU.ActiveCfg = Debug|Any CPU
		{5C5DDE58-3F48-489A-A651-3735DA1F19A1}.Debug|Any CPU.Build.0 = Debug|Any CPU
		{5C5DDE58-3F48-489A-A651-3735DA1F19A1}.Release|Any CPU.ActiveCfg = Release|Any CPU
		{5C5DDE58-3F48-489A-A651-3735DA1F19A1}.Release|Any CPU.Build.0 = Release|Any CPU
		{87DBE819-2671-49AE-99DF-0DB0C5BA91F4}.Debug|Any CPU.ActiveCfg = Debug|Any CPU
		{87DBE819-2671-49AE-99DF-0DB0C5BA91F4}.Debug|Any CPU.Build.0 = Debug|Any CPU
		{87DBE819-2671-49AE-99DF-0DB0C5BA91F4}.Release|Any CPU.ActiveCfg = Release|Any CPU
		{87DBE819-2671-49AE-99DF-0DB0C5BA91F4}.Release|Any CPU.Build.0 = Release|Any CPU
		{76A3CF63-3240-4F72-882B-62DC8C3D9B8B}.Debug|Any CPU.ActiveCfg = Debug|Any CPU
		{76A3CF63-3240-4F72-882B-62DC8C3D9B8B}.Debug|Any CPU.Build.0 = Debug|Any CPU
		{76A3CF63-3240-4F72-882B-62DC8C3D9B8B}.Release|Any CPU.ActiveCfg = Release|Any CPU
		{76A3CF63-3240-4F72-882B-62DC8C3D9B8B}.Release|Any CPU.Build.0 = Release|Any CPU
		{D305EFC0-E746-4746-A854-4FEF1730CC44}.Debug|Any CPU.ActiveCfg = Debug|Any CPU
		{D305EFC0-E746-4746-A854-4FEF1730CC44}.Debug|Any CPU.Build.0 = Debug|Any CPU
		{D305EFC0-E746-4746-A854-4FEF1730CC44}.Release|Any CPU.ActiveCfg = Release|Any CPU
		{D305EFC0-E746-4746-A854-4FEF1730CC44}.Release|Any CPU.Build.0 = Release|Any CPU
		{863F1E9E-26E6-4EB9-A9E8-38FA6378A949}.Debug|Any CPU.ActiveCfg = Debug|Any CPU
		{863F1E9E-26E6-4EB9-A9E8-38FA6378A949}.Debug|Any CPU.Build.0 = Debug|Any CPU
		{863F1E9E-26E6-4EB9-A9E8-38FA6378A949}.Release|Any CPU.ActiveCfg = Release|Any CPU
		{863F1E9E-26E6-4EB9-A9E8-38FA6378A949}.Release|Any CPU.Build.0 = Release|Any CPU
		{9FE31612-47B8-43FC-857B-1B9D7FA282F9}.Debug|Any CPU.ActiveCfg = Debug|Any CPU
		{9FE31612-47B8-43FC-857B-1B9D7FA282F9}.Debug|Any CPU.Build.0 = Debug|Any CPU
		{9FE31612-47B8-43FC-857B-1B9D7FA282F9}.Release|Any CPU.ActiveCfg = Release|Any CPU
		{9FE31612-47B8-43FC-857B-1B9D7FA282F9}.Release|Any CPU.Build.0 = Release|Any CPU
		{1CF4E8A7-A0B5-4342-99A4-9BB52FA92E29}.Debug|Any CPU.ActiveCfg = Debug|Any CPU
		{1CF4E8A7-A0B5-4342-99A4-9BB52FA92E29}.Debug|Any CPU.Build.0 = Debug|Any CPU
		{1CF4E8A7-A0B5-4342-99A4-9BB52FA92E29}.Release|Any CPU.ActiveCfg = Release|Any CPU
		{1CF4E8A7-A0B5-4342-99A4-9BB52FA92E29}.Release|Any CPU.Build.0 = Release|Any CPU
		{62A0B762-0422-4E38-8A86-56ABB45362A2}.Debug|Any CPU.ActiveCfg = Debug|Any CPU
		{62A0B762-0422-4E38-8A86-56ABB45362A2}.Debug|Any CPU.Build.0 = Debug|Any CPU
		{62A0B762-0422-4E38-8A86-56ABB45362A2}.Release|Any CPU.ActiveCfg = Release|Any CPU
		{62A0B762-0422-4E38-8A86-56ABB45362A2}.Release|Any CPU.Build.0 = Release|Any CPU
		{11709C08-A4E7-4D22-85BC-E8557E0E2059}.Debug|Any CPU.ActiveCfg = Debug|Any CPU
		{11709C08-A4E7-4D22-85BC-E8557E0E2059}.Debug|Any CPU.Build.0 = Debug|Any CPU
		{11709C08-A4E7-4D22-85BC-E8557E0E2059}.Release|Any CPU.ActiveCfg = Release|Any CPU
		{11709C08-A4E7-4D22-85BC-E8557E0E2059}.Release|Any CPU.Build.0 = Release|Any CPU
		{B6A7AB30-C25F-450C-B963-158A9DC898D0}.Debug|Any CPU.ActiveCfg = Debug|Any CPU
		{B6A7AB30-C25F-450C-B963-158A9DC898D0}.Debug|Any CPU.Build.0 = Debug|Any CPU
		{B6A7AB30-C25F-450C-B963-158A9DC898D0}.Release|Any CPU.ActiveCfg = Release|Any CPU
		{B6A7AB30-C25F-450C-B963-158A9DC898D0}.Release|Any CPU.Build.0 = Release|Any CPU
	EndGlobalSection
	GlobalSection(SolutionProperties) = preSolution
		HideSolutionNode = FALSE
	EndGlobalSection
	GlobalSection(NestedProjects) = preSolution
		{15C311AC-C726-409B-BB6E-E95AAB4AE160} = {4CBBB327-443C-4599-8762-11210377E6C3}
		{92821884-7A2D-4D60-8A0F-65B801D55AED} = {036AB0DB-97B3-4E33-97D4-33471615FBC6}
		{49AEA0CD-AF5C-4D26-A171-57CDCBCEC7AD} = {FB93E612-A09C-4E88-9DBC-BB84029660CC}
		{036AB0DB-97B3-4E33-97D4-33471615FBC6} = {EE226F64-780E-45DD-99B4-85281869FDA5}
		{FB93E612-A09C-4E88-9DBC-BB84029660CC} = {EE226F64-780E-45DD-99B4-85281869FDA5}
		{4CBBB327-443C-4599-8762-11210377E6C3} = {036AB0DB-97B3-4E33-97D4-33471615FBC6}
		{03AFE0D1-FA77-4A19-BF77-E3754458DD17} = {FB93E612-A09C-4E88-9DBC-BB84029660CC}
		{1C1ABE6E-4684-43B6-8AD1-0C7714BF0CE0} = {EE226F64-780E-45DD-99B4-85281869FDA5}
		{29E147EE-5783-4B16-AF1C-3E4A78BBF274} = {EE226F64-780E-45DD-99B4-85281869FDA5}
		{177363F8-AB94-4821-8474-DFF6A20FD9FE} = {EE226F64-780E-45DD-99B4-85281869FDA5}
		{6F402821-3436-4CF6-9781-7B0B1FA9EB95} = {EE226F64-780E-45DD-99B4-85281869FDA5}
		{C8312BAC-D751-40B8-A509-BA7B8048E4C7} = {1C1ABE6E-4684-43B6-8AD1-0C7714BF0CE0}
		{760AE863-922B-432E-B852-E1A64601E84B} = {1C1ABE6E-4684-43B6-8AD1-0C7714BF0CE0}
		{D992F505-9864-4B9E-95E4-332DFF9ACA1A} = {03AFE0D1-FA77-4A19-BF77-E3754458DD17}
		{F844211C-D6F5-49A2-AE34-E36A6E595B9D} = {760AE863-922B-432E-B852-E1A64601E84B}
		{F605F2B2-83B3-4FDA-8DC3-CAF24230A0BA} = {6F402821-3436-4CF6-9781-7B0B1FA9EB95}
		{E6B30ED1-E4A1-4493-B758-4269DB788687} = {177363F8-AB94-4821-8474-DFF6A20FD9FE}
		{5605C2B8-2CDE-4AE8-BEF2-6F080A3DA0D4} = {29E147EE-5783-4B16-AF1C-3E4A78BBF274}
		{435ECB28-0C3F-4566-A48E-67AE01D1E338} = {5605C2B8-2CDE-4AE8-BEF2-6F080A3DA0D4}
		{AB475DF8-6109-44CB-B2B0-EBD600CE6875} = {177363F8-AB94-4821-8474-DFF6A20FD9FE}
		{077592CF-9364-4EFA-953C-4D7836E4DFFD} = {6F402821-3436-4CF6-9781-7B0B1FA9EB95}
		{CBBBABF2-5F4A-441C-962D-A542E5F942CC} = {AB475DF8-6109-44CB-B2B0-EBD600CE6875}
		{C8358758-DC85-4FF6-825D-7303AE2CBCB8} = {077592CF-9364-4EFA-953C-4D7836E4DFFD}
		{CE80E50B-7EF3-4BEC-8A6B-576B3C377B61} = {29E147EE-5783-4B16-AF1C-3E4A78BBF274}
		{C829C38F-5AD1-4C4B-A1D2-926D36FC205A} = {7E7D4861-9210-42D5-95C4-0D8B03C74716}
		{9CB34245-54E4-4802-BDF8-65EEDD44FE73} = {7E7D4861-9210-42D5-95C4-0D8B03C74716}
		{A9EFFBB8-75BF-42BE-84F1-B1EAEFBBFBDB} = {7E7D4861-9210-42D5-95C4-0D8B03C74716}
		{994FD530-2DEC-47C1-8E30-2C5510E0E849} = {3D261450-FAB0-408B-A627-216A1FC9221F}
		{9BB09F93-389A-499A-9757-B594551FF0E4} = {3D261450-FAB0-408B-A627-216A1FC9221F}
		{5C5DDE58-3F48-489A-A651-3735DA1F19A1} = {6A24922D-615E-4C3A-B480-4B2133080C5F}
		{87DBE819-2671-49AE-99DF-0DB0C5BA91F4} = {6A24922D-615E-4C3A-B480-4B2133080C5F}
		{76A3CF63-3240-4F72-882B-62DC8C3D9B8B} = {7E7D4861-9210-42D5-95C4-0D8B03C74716}
		{D305EFC0-E746-4746-A854-4FEF1730CC44} = {A21B867B-C1AC-4BB7-8921-F7AB7BE72DA9}
		{A21B867B-C1AC-4BB7-8921-F7AB7BE72DA9} = {7E7D4861-9210-42D5-95C4-0D8B03C74716}
		{863F1E9E-26E6-4EB9-A9E8-38FA6378A949} = {A21B867B-C1AC-4BB7-8921-F7AB7BE72DA9}
		{9FE31612-47B8-43FC-857B-1B9D7FA282F9} = {177363F8-AB94-4821-8474-DFF6A20FD9FE}
		{1CF4E8A7-A0B5-4342-99A4-9BB52FA92E29} = {177363F8-AB94-4821-8474-DFF6A20FD9FE}
		{62A0B762-0422-4E38-8A86-56ABB45362A2} = {177363F8-AB94-4821-8474-DFF6A20FD9FE}
		{11709C08-A4E7-4D22-85BC-E8557E0E2059} = {03EA1928-B44D-4E37-8E8A-9FC42A3B4ACF}
		{B6A7AB30-C25F-450C-B963-158A9DC898D0} = {03EA1928-B44D-4E37-8E8A-9FC42A3B4ACF}
	EndGlobalSection
	GlobalSection(ExtensibilityGlobals) = postSolution
		SolutionGuid = {16E930B6-CA49-4BBE-BD42-6D032E69A5C5}
	EndGlobalSection
EndGlobal
