
Microsoft Visual Studio Solution File, Format Version 12.00
# Visual Studio Version 16
VisualStudioVersion = 16.0.29806.167
MinimumVisualStudioVersion = 10.0.40219.1
Project("{9A19103F-16F7-4668-BE54-9A1E7A4F7556}") = "IdentityService.Tests", "IdentityService.Tests\IdentityService.Tests.csproj", "{15C311AC-C726-409B-BB6E-E95AAB4AE160}"
EndProject
Project("{9A19103F-16F7-4668-BE54-9A1E7A4F7556}") = "IdentityService.API", "IdentityService.API\IdentityService.API.csproj", "{92821884-7A2D-4D60-8A0F-65B801D55AED}"
EndProject
Project("{9A19103F-16F7-4668-BE54-9A1E7A4F7556}") = "CatalogService.API", "CatalogService.API\CatalogService.API.csproj", "{49AEA0CD-AF5C-4D26-A171-57CDCBCEC7AD}"
EndProject
Project("{E53339B2-1760-4266-BCC7-CA923CBCF16C}") = "docker-compose", "docker-compose.dcproj", "{A7FFDBA4-7D90-44A0-AF6E-F3E30EF6C463}"
EndProject
Project("{2150E333-8FDC-42A3-9474-1A3956D46DE8}") = "Services", "Services", "{EE226F64-780E-45DD-99B4-85281869FDA5}"
EndProject
Project("{2150E333-8FDC-42A3-9474-1A3956D46DE8}") = "Identity", "Identity", "{036AB0DB-97B3-4E33-97D4-33471615FBC6}"
EndProject
Project("{2150E333-8FDC-42A3-9474-1A3956D46DE8}") = "Catalog", "Catalog", "{FB93E612-A09C-4E88-9DBC-BB84029660CC}"
EndProject
Project("{2150E333-8FDC-42A3-9474-1A3956D46DE8}") = "Tests", "Tests", "{4CBBB327-443C-4599-8762-11210377E6C3}"
EndProject
Project("{2150E333-8FDC-42A3-9474-1A3956D46DE8}") = "Tests", "Tests", "{03AFE0D1-FA77-4A19-BF77-E3754458DD17}"
EndProject
Project("{2150E333-8FDC-42A3-9474-1A3956D46DE8}") = "ApiGateWay", "ApiGateWay", "{3D261450-FAB0-408B-A627-216A1FC9221F}"
EndProject
Project("{2150E333-8FDC-42A3-9474-1A3956D46DE8}") = "ServiceBus", "ServiceBus", "{7E7D4861-9210-42D5-95C4-0D8B03C74716}"
EndProject
Project("{2150E333-8FDC-42A3-9474-1A3956D46DE8}") = "Cart", "Cart", "{1C1ABE6E-4684-43B6-8AD1-0C7714BF0CE0}"
EndProject
Project("{2150E333-8FDC-42A3-9474-1A3956D46DE8}") = "Marketing", "Marketing", "{29E147EE-5783-4B16-AF1C-3E4A78BBF274}"
EndProject
Project("{2150E333-8FDC-42A3-9474-1A3956D46DE8}") = "Order", "Order", "{177363F8-AB94-4821-8474-DFF6A20FD9FE}"
EndProject
Project("{2150E333-8FDC-42A3-9474-1A3956D46DE8}") = "Payment", "Payment", "{6F402821-3436-4CF6-9781-7B0B1FA9EB95}"
EndProject
Project("{9A19103F-16F7-4668-BE54-9A1E7A4F7556}") = "CartService.API", "CartService.API\CartService.API.csproj", "{C8312BAC-D751-40B8-A509-BA7B8048E4C7}"
EndProject
Project("{2150E333-8FDC-42A3-9474-1A3956D46DE8}") = "Tests", "Tests", "{760AE863-922B-432E-B852-E1A64601E84B}"
EndProject
Project("{FAE04EC0-301F-11D3-BF4B-00C04F79EFBC}") = "CatalogService.Tests", "CatalogService.Tests\CatalogService.Tests.csproj", "{D992F505-9864-4B9E-95E4-332DFF9ACA1A}"
EndProject
Project("{FAE04EC0-301F-11D3-BF4B-00C04F79EFBC}") = "CartService.Tests", "CartService.Tests\CartService.Tests.csproj", "{F844211C-D6F5-49A2-AE34-E36A6E595B9D}"
EndProject
Project("{FAE04EC0-301F-11D3-BF4B-00C04F79EFBC}") = "PaymentService.API", "PaymentService.API\PaymentService.API.csproj", "{F605F2B2-83B3-4FDA-8DC3-CAF24230A0BA}"
EndProject
Global
	GlobalSection(SolutionConfigurationPlatforms) = preSolution
		Debug|Any CPU = Debug|Any CPU
		Release|Any CPU = Release|Any CPU
	EndGlobalSection
	GlobalSection(ProjectConfigurationPlatforms) = postSolution
		{15C311AC-C726-409B-BB6E-E95AAB4AE160}.Debug|Any CPU.ActiveCfg = Debug|Any CPU
		{15C311AC-C726-409B-BB6E-E95AAB4AE160}.Debug|Any CPU.Build.0 = Debug|Any CPU
		{15C311AC-C726-409B-BB6E-E95AAB4AE160}.Release|Any CPU.ActiveCfg = Release|Any CPU
		{15C311AC-C726-409B-BB6E-E95AAB4AE160}.Release|Any CPU.Build.0 = Release|Any CPU
		{92821884-7A2D-4D60-8A0F-65B801D55AED}.Debug|Any CPU.ActiveCfg = Debug|Any CPU
		{92821884-7A2D-4D60-8A0F-65B801D55AED}.Debug|Any CPU.Build.0 = Debug|Any CPU
		{92821884-7A2D-4D60-8A0F-65B801D55AED}.Release|Any CPU.ActiveCfg = Release|Any CPU
		{92821884-7A2D-4D60-8A0F-65B801D55AED}.Release|Any CPU.Build.0 = Release|Any CPU
		{49AEA0CD-AF5C-4D26-A171-57CDCBCEC7AD}.Debug|Any CPU.ActiveCfg = Debug|Any CPU
		{49AEA0CD-AF5C-4D26-A171-57CDCBCEC7AD}.Debug|Any CPU.Build.0 = Debug|Any CPU
		{49AEA0CD-AF5C-4D26-A171-57CDCBCEC7AD}.Release|Any CPU.ActiveCfg = Release|Any CPU
		{49AEA0CD-AF5C-4D26-A171-57CDCBCEC7AD}.Release|Any CPU.Build.0 = Release|Any CPU
		{A7FFDBA4-7D90-44A0-AF6E-F3E30EF6C463}.Debug|Any CPU.ActiveCfg = Debug|Any CPU
		{A7FFDBA4-7D90-44A0-AF6E-F3E30EF6C463}.Debug|Any CPU.Build.0 = Debug|Any CPU
		{A7FFDBA4-7D90-44A0-AF6E-F3E30EF6C463}.Release|Any CPU.ActiveCfg = Release|Any CPU
		{A7FFDBA4-7D90-44A0-AF6E-F3E30EF6C463}.Release|Any CPU.Build.0 = Release|Any CPU
		{C8312BAC-D751-40B8-A509-BA7B8048E4C7}.Debug|Any CPU.ActiveCfg = Debug|Any CPU
		{C8312BAC-D751-40B8-A509-BA7B8048E4C7}.Debug|Any CPU.Build.0 = Debug|Any CPU
		{C8312BAC-D751-40B8-A509-BA7B8048E4C7}.Release|Any CPU.ActiveCfg = Release|Any CPU
		{C8312BAC-D751-40B8-A509-BA7B8048E4C7}.Release|Any CPU.Build.0 = Release|Any CPU
		{D992F505-9864-4B9E-95E4-332DFF9ACA1A}.Debug|Any CPU.ActiveCfg = Debug|Any CPU
		{D992F505-9864-4B9E-95E4-332DFF9ACA1A}.Debug|Any CPU.Build.0 = Debug|Any CPU
		{D992F505-9864-4B9E-95E4-332DFF9ACA1A}.Release|Any CPU.ActiveCfg = Release|Any CPU
		{D992F505-9864-4B9E-95E4-332DFF9ACA1A}.Release|Any CPU.Build.0 = Release|Any CPU
		{F844211C-D6F5-49A2-AE34-E36A6E595B9D}.Debug|Any CPU.ActiveCfg = Debug|Any CPU
		{F844211C-D6F5-49A2-AE34-E36A6E595B9D}.Debug|Any CPU.Build.0 = Debug|Any CPU
		{F844211C-D6F5-49A2-AE34-E36A6E595B9D}.Release|Any CPU.ActiveCfg = Release|Any CPU
		{F844211C-D6F5-49A2-AE34-E36A6E595B9D}.Release|Any CPU.Build.0 = Release|Any CPU
		{F605F2B2-83B3-4FDA-8DC3-CAF24230A0BA}.Debug|Any CPU.ActiveCfg = Debug|Any CPU
		{F605F2B2-83B3-4FDA-8DC3-CAF24230A0BA}.Debug|Any CPU.Build.0 = Debug|Any CPU
		{F605F2B2-83B3-4FDA-8DC3-CAF24230A0BA}.Release|Any CPU.ActiveCfg = Release|Any CPU
		{F605F2B2-83B3-4FDA-8DC3-CAF24230A0BA}.Release|Any CPU.Build.0 = Release|Any CPU
	EndGlobalSection
	GlobalSection(SolutionProperties) = preSolution
		HideSolutionNode = FALSE
	EndGlobalSection
	GlobalSection(NestedProjects) = preSolution
		{15C311AC-C726-409B-BB6E-E95AAB4AE160} = {4CBBB327-443C-4599-8762-11210377E6C3}
		{92821884-7A2D-4D60-8A0F-65B801D55AED} = {036AB0DB-97B3-4E33-97D4-33471615FBC6}
		{49AEA0CD-AF5C-4D26-A171-57CDCBCEC7AD} = {FB93E612-A09C-4E88-9DBC-BB84029660CC}
		{036AB0DB-97B3-4E33-97D4-33471615FBC6} = {EE226F64-780E-45DD-99B4-85281869FDA5}
		{FB93E612-A09C-4E88-9DBC-BB84029660CC} = {EE226F64-780E-45DD-99B4-85281869FDA5}
		{4CBBB327-443C-4599-8762-11210377E6C3} = {036AB0DB-97B3-4E33-97D4-33471615FBC6}
		{03AFE0D1-FA77-4A19-BF77-E3754458DD17} = {FB93E612-A09C-4E88-9DBC-BB84029660CC}
		{1C1ABE6E-4684-43B6-8AD1-0C7714BF0CE0} = {EE226F64-780E-45DD-99B4-85281869FDA5}
		{29E147EE-5783-4B16-AF1C-3E4A78BBF274} = {EE226F64-780E-45DD-99B4-85281869FDA5}
		{177363F8-AB94-4821-8474-DFF6A20FD9FE} = {EE226F64-780E-45DD-99B4-85281869FDA5}
		{6F402821-3436-4CF6-9781-7B0B1FA9EB95} = {EE226F64-780E-45DD-99B4-85281869FDA5}
		{C8312BAC-D751-40B8-A509-BA7B8048E4C7} = {1C1ABE6E-4684-43B6-8AD1-0C7714BF0CE0}
		{760AE863-922B-432E-B852-E1A64601E84B} = {1C1ABE6E-4684-43B6-8AD1-0C7714BF0CE0}
		{D992F505-9864-4B9E-95E4-332DFF9ACA1A} = {03AFE0D1-FA77-4A19-BF77-E3754458DD17}
		{F844211C-D6F5-49A2-AE34-E36A6E595B9D} = {760AE863-922B-432E-B852-E1A64601E84B}
		{F605F2B2-83B3-4FDA-8DC3-CAF24230A0BA} = {6F402821-3436-4CF6-9781-7B0B1FA9EB95}
	EndGlobalSection
	GlobalSection(ExtensibilityGlobals) = postSolution
		SolutionGuid = {16E930B6-CA49-4BBE-BD42-6D032E69A5C5}
	EndGlobalSection
EndGlobal
